// !$*UTF8*$!
{
	archiveVersion = 1;
	classes = {
	};
	objectVersion = 56;
	objects = {

/* Begin PBXBuildFile section */
		0C1971B02BFDA04400BE28D2 /* MusicTribesAPI.swift in Sources */ = {isa = PBXBuildFile; fileRef = 0C1971AF2BFDA04400BE28D2 /* MusicTribesAPI.swift */; };
		0C5E6EA22C060E3C003C577B /* CollectedItem.swift in Sources */ = {isa = PBXBuildFile; fileRef = 0C5E6EA12C060E3C003C577B /* CollectedItem.swift */; };
		0CE579632BF6F995006F1498 /* MusicTribesApp.swift in Sources */ = {isa = PBXBuildFile; fileRef = 0CE579622BF6F995006F1498 /* MusicTribesApp.swift */; };
		0CE579652BF6F995006F1498 /* ContentView.swift in Sources */ = {isa = PBXBuildFile; fileRef = 0CE579642BF6F995006F1498 /* ContentView.swift */; };
		0CE579672BF6F997006F1498 /* Assets.xcassets in Resources */ = {isa = PBXBuildFile; fileRef = 0CE579662BF6F997006F1498 /* Assets.xcassets */; };
		0CE5796B2BF6F997006F1498 /* Preview Assets.xcassets in Resources */ = {isa = PBXBuildFile; fileRef = 0CE5796A2BF6F997006F1498 /* Preview Assets.xcassets */; };
		0CE579772BF7049C006F1498 /* CollectorMainView.swift in Sources */ = {isa = PBXBuildFile; fileRef = 0CE579762BF7049C006F1498 /* CollectorMainView.swift */; };
		0CE579792BF7085E006F1498 /* CollectorItemCrateView.swift in Sources */ = {isa = PBXBuildFile; fileRef = 0CE579782BF7085E006F1498 /* CollectorItemCrateView.swift */; };
		0CE5797B2BF70A75006F1498 /* CollectorGridView.swift in Sources */ = {isa = PBXBuildFile; fileRef = 0CE5797A2BF70A75006F1498 /* CollectorGridView.swift */; };
		0CE5797D2BF70F47006F1498 /* MockData.swift in Sources */ = {isa = PBXBuildFile; fileRef = 0CE5797C2BF70F47006F1498 /* MockData.swift */; };
		0CE5797F2BF70F5E006F1498 /* CollectedArtist.swift in Sources */ = {isa = PBXBuildFile; fileRef = 0CE5797E2BF70F5E006F1498 /* CollectedArtist.swift */; };
		0CE579812BF70F68006F1498 /* Artist.swift in Sources */ = {isa = PBXBuildFile; fileRef = 0CE579802BF70F68006F1498 /* Artist.swift */; };
		0CE579832BF70F70006F1498 /* Collector.swift in Sources */ = {isa = PBXBuildFile; fileRef = 0CE579822BF70F70006F1498 /* Collector.swift */; };
/* End PBXBuildFile section */

/* Begin PBXFileReference section */
		0C1971AF2BFDA04400BE28D2 /* MusicTribesAPI.swift */ = {isa = PBXFileReference; lastKnownFileType = sourcecode.swift; path = MusicTribesAPI.swift; sourceTree = "<group>"; };
		0C5E6EA12C060E3C003C577B /* CollectedItem.swift */ = {isa = PBXFileReference; lastKnownFileType = sourcecode.swift; path = CollectedItem.swift; sourceTree = "<group>"; };
		0CE5795F2BF6F995006F1498 /* MusicTribes.app */ = {isa = PBXFileReference; explicitFileType = wrapper.application; includeInIndex = 0; path = MusicTribes.app; sourceTree = BUILT_PRODUCTS_DIR; };
		0CE579622BF6F995006F1498 /* MusicTribesApp.swift */ = {isa = PBXFileReference; lastKnownFileType = sourcecode.swift; path = MusicTribesApp.swift; sourceTree = "<group>"; };
		0CE579642BF6F995006F1498 /* ContentView.swift */ = {isa = PBXFileReference; lastKnownFileType = sourcecode.swift; path = ContentView.swift; sourceTree = "<group>"; };
		0CE579662BF6F997006F1498 /* Assets.xcassets */ = {isa = PBXFileReference; lastKnownFileType = folder.assetcatalog; path = Assets.xcassets; sourceTree = "<group>"; };
		0CE579682BF6F997006F1498 /* MusicTribes.entitlements */ = {isa = PBXFileReference; lastKnownFileType = text.plist.entitlements; path = MusicTribes.entitlements; sourceTree = "<group>"; };
		0CE5796A2BF6F997006F1498 /* Preview Assets.xcassets */ = {isa = PBXFileReference; lastKnownFileType = folder.assetcatalog; path = "Preview Assets.xcassets"; sourceTree = "<group>"; };
		0CE579762BF7049C006F1498 /* CollectorMainView.swift */ = {isa = PBXFileReference; lastKnownFileType = sourcecode.swift; path = CollectorMainView.swift; sourceTree = "<group>"; };
		0CE579782BF7085E006F1498 /* CollectorItemCrateView.swift */ = {isa = PBXFileReference; lastKnownFileType = sourcecode.swift; path = CollectorItemCrateView.swift; sourceTree = "<group>"; };
		0CE5797A2BF70A75006F1498 /* CollectorGridView.swift */ = {isa = PBXFileReference; lastKnownFileType = sourcecode.swift; path = CollectorGridView.swift; sourceTree = "<group>"; };
		0CE5797C2BF70F47006F1498 /* MockData.swift */ = {isa = PBXFileReference; lastKnownFileType = sourcecode.swift; path = MockData.swift; sourceTree = "<group>"; };
		0CE5797E2BF70F5E006F1498 /* CollectedArtist.swift */ = {isa = PBXFileReference; lastKnownFileType = sourcecode.swift; path = CollectedArtist.swift; sourceTree = "<group>"; };
		0CE579802BF70F68006F1498 /* Artist.swift */ = {isa = PBXFileReference; lastKnownFileType = sourcecode.swift; path = Artist.swift; sourceTree = "<group>"; };
		0CE579822BF70F70006F1498 /* Collector.swift */ = {isa = PBXFileReference; lastKnownFileType = sourcecode.swift; path = Collector.swift; sourceTree = "<group>"; };
/* End PBXFileReference section */

/* Begin PBXFrameworksBuildPhase section */
		0CE5795C2BF6F995006F1498 /* Frameworks */ = {
			isa = PBXFrameworksBuildPhase;
			buildActionMask = 2147483647;
			files = (
			);
			runOnlyForDeploymentPostprocessing = 0;
		};
/* End PBXFrameworksBuildPhase section */

/* Begin PBXGroup section */
		0CE579562BF6F995006F1498 = {
			isa = PBXGroup;
			children = (
				0CE579612BF6F995006F1498 /* MusicTribes */,
				0CE579602BF6F995006F1498 /* Products */,
			);
			sourceTree = "<group>";
		};
		0CE579602BF6F995006F1498 /* Products */ = {
			isa = PBXGroup;
			children = (
				0CE5795F2BF6F995006F1498 /* MusicTribes.app */,
			);
			name = Products;
			sourceTree = "<group>";
		};
		0CE579612BF6F995006F1498 /* MusicTribes */ = {
			isa = PBXGroup;
			children = (
				0CE579732BF6FA4D006F1498 /* Domain */,
				0CE579722BF6FA44006F1498 /* Data */,
				0CE579712BF6FA3B006F1498 /* UI */,
				0CE579622BF6F995006F1498 /* MusicTribesApp.swift */,
				0CE579642BF6F995006F1498 /* ContentView.swift */,
				0CE579662BF6F997006F1498 /* Assets.xcassets */,
				0CE579682BF6F997006F1498 /* MusicTribes.entitlements */,
				0CE579692BF6F997006F1498 /* Preview Content */,
			);
			path = MusicTribes;
			sourceTree = "<group>";
		};
		0CE579692BF6F997006F1498 /* Preview Content */ = {
			isa = PBXGroup;
			children = (
				0CE5796A2BF6F997006F1498 /* Preview Assets.xcassets */,
			);
			path = "Preview Content";
			sourceTree = "<group>";
		};
		0CE579712BF6FA3B006F1498 /* UI */ = {
			isa = PBXGroup;
			children = (
				0CE579752BF702E5006F1498 /* Collector */,
				0CE579742BF702DC006F1498 /* Artist */,
			);
			path = UI;
			sourceTree = "<group>";
		};
		0CE579722BF6FA44006F1498 /* Data */ = {
			isa = PBXGroup;
			children = (
				0CE5797C2BF70F47006F1498 /* MockData.swift */,
				0CE5797E2BF70F5E006F1498 /* CollectedArtist.swift */,
				0CE579802BF70F68006F1498 /* Artist.swift */,
				0CE579822BF70F70006F1498 /* Collector.swift */,
				0C5E6EA12C060E3C003C577B /* CollectedItem.swift */,
			);
			path = Data;
			sourceTree = "<group>";
		};
		0CE579732BF6FA4D006F1498 /* Domain */ = {
			isa = PBXGroup;
			children = (
				0C1971AF2BFDA04400BE28D2 /* MusicTribesAPI.swift */,
			);
			path = Domain;
			sourceTree = "<group>";
		};
		0CE579742BF702DC006F1498 /* Artist */ = {
			isa = PBXGroup;
			children = (
			);
			path = Artist;
			sourceTree = "<group>";
		};
		0CE579752BF702E5006F1498 /* Collector */ = {
			isa = PBXGroup;
			children = (
				0CE579762BF7049C006F1498 /* CollectorMainView.swift */,
				0CE579782BF7085E006F1498 /* CollectorItemCrateView.swift */,
				0CE5797A2BF70A75006F1498 /* CollectorGridView.swift */,
			);
			path = Collector;
			sourceTree = "<group>";
		};
/* End PBXGroup section */

/* Begin PBXNativeTarget section */
		0CE5795E2BF6F995006F1498 /* MusicTribes */ = {
			isa = PBXNativeTarget;
			buildConfigurationList = 0CE5796E2BF6F997006F1498 /* Build configuration list for PBXNativeTarget "MusicTribes" */;
			buildPhases = (
				0CE5795B2BF6F995006F1498 /* Sources */,
				0CE5795C2BF6F995006F1498 /* Frameworks */,
				0CE5795D2BF6F995006F1498 /* Resources */,
			);
			buildRules = (
			);
			dependencies = (
			);
			name = MusicTribes;
			productName = MusicTribes;
			productReference = 0CE5795F2BF6F995006F1498 /* MusicTribes.app */;
			productType = "com.apple.product-type.application";
		};
/* End PBXNativeTarget section */

/* Begin PBXProject section */
		0CE579572BF6F995006F1498 /* Project object */ = {
			isa = PBXProject;
			attributes = {
				BuildIndependentTargetsInParallel = 1;
				LastSwiftUpdateCheck = 1520;
				LastUpgradeCheck = 1520;
				TargetAttributes = {
					0CE5795E2BF6F995006F1498 = {
						CreatedOnToolsVersion = 15.2;
					};
				};
			};
			buildConfigurationList = 0CE5795A2BF6F995006F1498 /* Build configuration list for PBXProject "MusicTribes" */;
			compatibilityVersion = "Xcode 14.0";
			developmentRegion = en;
			hasScannedForEncodings = 0;
			knownRegions = (
				en,
				Base,
			);
			mainGroup = 0CE579562BF6F995006F1498;
			productRefGroup = 0CE579602BF6F995006F1498 /* Products */;
			projectDirPath = "";
			projectRoot = "";
			targets = (
				0CE5795E2BF6F995006F1498 /* MusicTribes */,
			);
		};
/* End PBXProject section */

/* Begin PBXResourcesBuildPhase section */
		0CE5795D2BF6F995006F1498 /* Resources */ = {
			isa = PBXResourcesBuildPhase;
			buildActionMask = 2147483647;
			files = (
				0CE5796B2BF6F997006F1498 /* Preview Assets.xcassets in Resources */,
				0CE579672BF6F997006F1498 /* Assets.xcassets in Resources */,
			);
			runOnlyForDeploymentPostprocessing = 0;
		};
/* End PBXResourcesBuildPhase section */

/* Begin PBXSourcesBuildPhase section */
		0CE5795B2BF6F995006F1498 /* Sources */ = {
			isa = PBXSourcesBuildPhase;
			buildActionMask = 2147483647;
			files = (
				0CE579792BF7085E006F1498 /* CollectorItemCrateView.swift in Sources */,
				0CE5797D2BF70F47006F1498 /* MockData.swift in Sources */,
				0CE5797B2BF70A75006F1498 /* CollectorGridView.swift in Sources */,
				0C5E6EA22C060E3C003C577B /* CollectedItem.swift in Sources */,
				0CE5797F2BF70F5E006F1498 /* CollectedArtist.swift in Sources */,
				0CE579772BF7049C006F1498 /* CollectorMainView.swift in Sources */,
				0CE579832BF70F70006F1498 /* Collector.swift in Sources */,
				0CE579652BF6F995006F1498 /* ContentView.swift in Sources */,
				0CE579812BF70F68006F1498 /* Artist.swift in Sources */,
				0CE579632BF6F995006F1498 /* MusicTribesApp.swift in Sources */,
				0C1971B02BFDA04400BE28D2 /* MusicTribesAPI.swift in Sources */,
			);
			runOnlyForDeploymentPostprocessing = 0;
		};
/* End PBXSourcesBuildPhase section */

/* Begin XCBuildConfiguration section */
		0CE5796C2BF6F997006F1498 /* Debug */ = {
			isa = XCBuildConfiguration;
			buildSettings = {
				ALWAYS_SEARCH_USER_PATHS = NO;
				ASSETCATALOG_COMPILER_GENERATE_SWIFT_ASSET_SYMBOL_EXTENSIONS = YES;
				CLANG_ANALYZER_NONNULL = YES;
				CLANG_ANALYZER_NUMBER_OBJECT_CONVERSION = YES_AGGRESSIVE;
				CLANG_CXX_LANGUAGE_STANDARD = "gnu++20";
				CLANG_ENABLE_MODULES = YES;
				CLANG_ENABLE_OBJC_ARC = YES;
				CLANG_ENABLE_OBJC_WEAK = YES;
				CLANG_WARN_BLOCK_CAPTURE_AUTORELEASING = YES;
				CLANG_WARN_BOOL_CONVERSION = YES;
				CLANG_WARN_COMMA = YES;
				CLANG_WARN_CONSTANT_CONVERSION = YES;
				CLANG_WARN_DEPRECATED_OBJC_IMPLEMENTATIONS = YES;
				CLANG_WARN_DIRECT_OBJC_ISA_USAGE = YES_ERROR;
				CLANG_WARN_DOCUMENTATION_COMMENTS = YES;
				CLANG_WARN_EMPTY_BODY = YES;
				CLANG_WARN_ENUM_CONVERSION = YES;
				CLANG_WARN_INFINITE_RECURSION = YES;
				CLANG_WARN_INT_CONVERSION = YES;
				CLANG_WARN_NON_LITERAL_NULL_CONVERSION = YES;
				CLANG_WARN_OBJC_IMPLICIT_RETAIN_SELF = YES;
				CLANG_WARN_OBJC_LITERAL_CONVERSION = YES;
				CLANG_WARN_OBJC_ROOT_CLASS = YES_ERROR;
				CLANG_WARN_QUOTED_INCLUDE_IN_FRAMEWORK_HEADER = YES;
				CLANG_WARN_RANGE_LOOP_ANALYSIS = YES;
				CLANG_WARN_STRICT_PROTOTYPES = YES;
				CLANG_WARN_SUSPICIOUS_MOVE = YES;
				CLANG_WARN_UNGUARDED_AVAILABILITY = YES_AGGRESSIVE;
				CLANG_WARN_UNREACHABLE_CODE = YES;
				CLANG_WARN__DUPLICATE_METHOD_MATCH = YES;
				COPY_PHASE_STRIP = NO;
				DEBUG_INFORMATION_FORMAT = dwarf;
				ENABLE_STRICT_OBJC_MSGSEND = YES;
				ENABLE_TESTABILITY = YES;
				ENABLE_USER_SCRIPT_SANDBOXING = YES;
				GCC_C_LANGUAGE_STANDARD = gnu17;
				GCC_DYNAMIC_NO_PIC = NO;
				GCC_NO_COMMON_BLOCKS = YES;
				GCC_OPTIMIZATION_LEVEL = 0;
				GCC_PREPROCESSOR_DEFINITIONS = (
					"DEBUG=1",
					"$(inherited)",
				);
				GCC_WARN_64_TO_32_BIT_CONVERSION = YES;
				GCC_WARN_ABOUT_RETURN_TYPE = YES_ERROR;
				GCC_WARN_UNDECLARED_SELECTOR = YES;
				GCC_WARN_UNINITIALIZED_AUTOS = YES_AGGRESSIVE;
				GCC_WARN_UNUSED_FUNCTION = YES;
				GCC_WARN_UNUSED_VARIABLE = YES;
				LOCALIZATION_PREFERS_STRING_CATALOGS = YES;
				MTL_ENABLE_DEBUG_INFO = INCLUDE_SOURCE;
				MTL_FAST_MATH = YES;
				ONLY_ACTIVE_ARCH = YES;
				SWIFT_ACTIVE_COMPILATION_CONDITIONS = "DEBUG $(inherited)";
				SWIFT_OPTIMIZATION_LEVEL = "-Onone";
			};
			name = Debug;
		};
		0CE5796D2BF6F997006F1498 /* Release */ = {
			isa = XCBuildConfiguration;
			buildSettings = {
				ALWAYS_SEARCH_USER_PATHS = NO;
				ASSETCATALOG_COMPILER_GENERATE_SWIFT_ASSET_SYMBOL_EXTENSIONS = YES;
				CLANG_ANALYZER_NONNULL = YES;
				CLANG_ANALYZER_NUMBER_OBJECT_CONVERSION = YES_AGGRESSIVE;
				CLANG_CXX_LANGUAGE_STANDARD = "gnu++20";
				CLANG_ENABLE_MODULES = YES;
				CLANG_ENABLE_OBJC_ARC = YES;
				CLANG_ENABLE_OBJC_WEAK = YES;
				CLANG_WARN_BLOCK_CAPTURE_AUTORELEASING = YES;
				CLANG_WARN_BOOL_CONVERSION = YES;
				CLANG_WARN_COMMA = YES;
				CLANG_WARN_CONSTANT_CONVERSION = YES;
				CLANG_WARN_DEPRECATED_OBJC_IMPLEMENTATIONS = YES;
				CLANG_WARN_DIRECT_OBJC_ISA_USAGE = YES_ERROR;
				CLANG_WARN_DOCUMENTATION_COMMENTS = YES;
				CLANG_WARN_EMPTY_BODY = YES;
				CLANG_WARN_ENUM_CONVERSION = YES;
				CLANG_WARN_INFINITE_RECURSION = YES;
				CLANG_WARN_INT_CONVERSION = YES;
				CLANG_WARN_NON_LITERAL_NULL_CONVERSION = YES;
				CLANG_WARN_OBJC_IMPLICIT_RETAIN_SELF = YES;
				CLANG_WARN_OBJC_LITERAL_CONVERSION = YES;
				CLANG_WARN_OBJC_ROOT_CLASS = YES_ERROR;
				CLANG_WARN_QUOTED_INCLUDE_IN_FRAMEWORK_HEADER = YES;
				CLANG_WARN_RANGE_LOOP_ANALYSIS = YES;
				CLANG_WARN_STRICT_PROTOTYPES = YES;
				CLANG_WARN_SUSPICIOUS_MOVE = YES;
				CLANG_WARN_UNGUARDED_AVAILABILITY = YES_AGGRESSIVE;
				CLANG_WARN_UNREACHABLE_CODE = YES;
				CLANG_WARN__DUPLICATE_METHOD_MATCH = YES;
				COPY_PHASE_STRIP = NO;
				DEBUG_INFORMATION_FORMAT = "dwarf-with-dsym";
				ENABLE_NS_ASSERTIONS = NO;
				ENABLE_STRICT_OBJC_MSGSEND = YES;
				ENABLE_USER_SCRIPT_SANDBOXING = YES;
				GCC_C_LANGUAGE_STANDARD = gnu17;
				GCC_NO_COMMON_BLOCKS = YES;
				GCC_WARN_64_TO_32_BIT_CONVERSION = YES;
				GCC_WARN_ABOUT_RETURN_TYPE = YES_ERROR;
				GCC_WARN_UNDECLARED_SELECTOR = YES;
				GCC_WARN_UNINITIALIZED_AUTOS = YES_AGGRESSIVE;
				GCC_WARN_UNUSED_FUNCTION = YES;
				GCC_WARN_UNUSED_VARIABLE = YES;
				LOCALIZATION_PREFERS_STRING_CATALOGS = YES;
				MTL_ENABLE_DEBUG_INFO = NO;
				MTL_FAST_MATH = YES;
				SWIFT_COMPILATION_MODE = wholemodule;
			};
			name = Release;
		};
		0CE5796F2BF6F997006F1498 /* Debug */ = {
			isa = XCBuildConfiguration;
			buildSettings = {
				ASSETCATALOG_COMPILER_APPICON_NAME = AppIcon;
				ASSETCATALOG_COMPILER_GLOBAL_ACCENT_COLOR_NAME = AccentColor;
				CODE_SIGN_ENTITLEMENTS = MusicTribes/MusicTribes.entitlements;
				CODE_SIGN_STYLE = Automatic;
				CURRENT_PROJECT_VERSION = 1;
				DEVELOPMENT_ASSET_PATHS = "\"MusicTribes/Preview Content\"";
				DEVELOPMENT_TEAM = FL79WTB4NH;
				ENABLE_HARDENED_RUNTIME = YES;
				ENABLE_PREVIEWS = YES;
				GENERATE_INFOPLIST_FILE = YES;
				INFOPLIST_KEY_CFBundleDisplayName = MusicTribes;
				INFOPLIST_KEY_LSApplicationCategoryType = "public.app-category.entertainment";
				"INFOPLIST_KEY_UIApplicationSceneManifest_Generation[sdk=iphoneos*]" = YES;
				"INFOPLIST_KEY_UIApplicationSceneManifest_Generation[sdk=iphonesimulator*]" = YES;
				"INFOPLIST_KEY_UIApplicationSupportsIndirectInputEvents[sdk=iphoneos*]" = YES;
				"INFOPLIST_KEY_UIApplicationSupportsIndirectInputEvents[sdk=iphonesimulator*]" = YES;
				"INFOPLIST_KEY_UILaunchScreen_Generation[sdk=iphoneos*]" = YES;
				"INFOPLIST_KEY_UILaunchScreen_Generation[sdk=iphonesimulator*]" = YES;
				"INFOPLIST_KEY_UIStatusBarStyle[sdk=iphoneos*]" = UIStatusBarStyleDefault;
				"INFOPLIST_KEY_UIStatusBarStyle[sdk=iphonesimulator*]" = UIStatusBarStyleDefault;
				INFOPLIST_KEY_UISupportedInterfaceOrientations = UIInterfaceOrientationPortrait;
				INFOPLIST_KEY_UISupportedInterfaceOrientations_iPad = "UIInterfaceOrientationLandscapeLeft UIInterfaceOrientationLandscapeRight UIInterfaceOrientationPortrait UIInterfaceOrientationPortraitUpsideDown";
				IPHONEOS_DEPLOYMENT_TARGET = 15.6;
				LD_RUNPATH_SEARCH_PATHS = "@executable_path/Frameworks";
				"LD_RUNPATH_SEARCH_PATHS[sdk=macosx*]" = "@executable_path/../Frameworks";
				MACOSX_DEPLOYMENT_TARGET = 14.0;
				MARKETING_VERSION = 1.0;
				PRODUCT_BUNDLE_IDENTIFIER = com.musictribes.main;
				PRODUCT_NAME = "$(TARGET_NAME)";
				SDKROOT = auto;
				SUPPORTED_PLATFORMS = "iphoneos iphonesimulator";
				SUPPORTS_MACCATALYST = NO;
				SWIFT_EMIT_LOC_STRINGS = YES;
				SWIFT_VERSION = 5.0;
				TARGETED_DEVICE_FAMILY = "1,2";
			};
			name = Debug;
		};
		0CE579702BF6F997006F1498 /* Release */ = {
			isa = XCBuildConfiguration;
			buildSettings = {
				ASSETCATALOG_COMPILER_APPICON_NAME = AppIcon;
				ASSETCATALOG_COMPILER_GLOBAL_ACCENT_COLOR_NAME = AccentColor;
				CODE_SIGN_ENTITLEMENTS = MusicTribes/MusicTribes.entitlements;
				CODE_SIGN_STYLE = Automatic;
				CURRENT_PROJECT_VERSION = 1;
				DEVELOPMENT_ASSET_PATHS = "\"MusicTribes/Preview Content\"";
				DEVELOPMENT_TEAM = FL79WTB4NH;
				ENABLE_HARDENED_RUNTIME = YES;
				ENABLE_PREVIEWS = YES;
				GENERATE_INFOPLIST_FILE = YES;
				INFOPLIST_KEY_CFBundleDisplayName = MusicTribes;
				INFOPLIST_KEY_LSApplicationCategoryType = "public.app-category.entertainment";
				"INFOPLIST_KEY_UIApplicationSceneManifest_Generation[sdk=iphoneos*]" = YES;
				"INFOPLIST_KEY_UIApplicationSceneManifest_Generation[sdk=iphonesimulator*]" = YES;
				"INFOPLIST_KEY_UIApplicationSupportsIndirectInputEvents[sdk=iphoneos*]" = YES;
				"INFOPLIST_KEY_UIApplicationSupportsIndirectInputEvents[sdk=iphonesimulator*]" = YES;
				"INFOPLIST_KEY_UILaunchScreen_Generation[sdk=iphoneos*]" = YES;
				"INFOPLIST_KEY_UILaunchScreen_Generation[sdk=iphonesimulator*]" = YES;
				"INFOPLIST_KEY_UIStatusBarStyle[sdk=iphoneos*]" = UIStatusBarStyleDefault;
				"INFOPLIST_KEY_UIStatusBarStyle[sdk=iphonesimulator*]" = UIStatusBarStyleDefault;
				INFOPLIST_KEY_UISupportedInterfaceOrientations = UIInterfaceOrientationPortrait;
				INFOPLIST_KEY_UISupportedInterfaceOrientations_iPad = "UIInterfaceOrientationLandscapeLeft UIInterfaceOrientationLandscapeRight UIInterfaceOrientationPortrait UIInterfaceOrientationPortraitUpsideDown";
				IPHONEOS_DEPLOYMENT_TARGET = 15.6;
				LD_RUNPATH_SEARCH_PATHS = "@executable_path/Frameworks";
				"LD_RUNPATH_SEARCH_PATHS[sdk=macosx*]" = "@executable_path/../Frameworks";
				MACOSX_DEPLOYMENT_TARGET = 14.0;
				MARKETING_VERSION = 1.0;
				PRODUCT_BUNDLE_IDENTIFIER = com.musictribes.main;
				PRODUCT_NAME = "$(TARGET_NAME)";
				SDKROOT = auto;
				SUPPORTED_PLATFORMS = "iphoneos iphonesimulator";
				SUPPORTS_MACCATALYST = NO;
				SWIFT_EMIT_LOC_STRINGS = YES;
				SWIFT_VERSION = 5.0;
				TARGETED_DEVICE_FAMILY = "1,2";
			};
			name = Release;
		};
/* End XCBuildConfiguration section */

/* Begin XCConfigurationList section */
		0CE5795A2BF6F995006F1498 /* Build configuration list for PBXProject "MusicTribes" */ = {
			isa = XCConfigurationList;
			buildConfigurations = (
				0CE5796C2BF6F997006F1498 /* Debug */,
				0CE5796D2BF6F997006F1498 /* Release */,
			);
			defaultConfigurationIsVisible = 0;
			defaultConfigurationName = Release;
		};
		0CE5796E2BF6F997006F1498 /* Build configuration list for PBXNativeTarget "MusicTribes" */ = {
			isa = XCConfigurationList;
			buildConfigurations = (
				0CE5796F2BF6F997006F1498 /* Debug */,
				0CE579702BF6F997006F1498 /* Release */,
			);
			defaultConfigurationIsVisible = 0;
			defaultConfigurationName = Release;
		};
/* End XCConfigurationList section */
	};
	rootObject = 0CE579572BF6F995006F1498 /* Project object */;
}
