// !$*UTF8*$!
{
	archiveVersion = 1;
	classes = {
	};
	objectVersion = 56;
	objects = {

/* Begin PBXBuildFile section */
		0C1971B02BFDA04400BE28D2 /* MusicTribesAPI.swift in Sources */ = {isa = PBXBuildFile; fileRef = 0C1971AF2BFDA04400BE28D2 /* MusicTribesAPI.swift */; };
		0C19ECB62C4CB5AF0075049A /* scenes.json in Resources */ = {isa = PBXBuildFile; fileRef = 0C19ECB52C4CB5AF0075049A /* scenes.json */; };
		0C19ECB72C4CB5AF0075049A /* scenes.json in Resources */ = {isa = PBXBuildFile; fileRef = 0C19ECB52C4CB5AF0075049A /* scenes.json */; };
		0C19ECB92C4CC3B10075049A /* scenes-2.json in Resources */ = {isa = PBXBuildFile; fileRef = 0C19ECB82C4CC3A50075049A /* scenes-2.json */; };
		0C19ECBA2C4CC3B10075049A /* scenes-2.json in Resources */ = {isa = PBXBuildFile; fileRef = 0C19ECB82C4CC3A50075049A /* scenes-2.json */; };
		0C1D41402C39B2DE004305DD /* danc3-songs.json in Resources */ = {isa = PBXBuildFile; fileRef = 0C1D413F2C39B2DE004305DD /* danc3-songs.json */; };
		0C1D41412C39B2DE004305DD /* danc3-songs.json in Resources */ = {isa = PBXBuildFile; fileRef = 0C1D413F2C39B2DE004305DD /* danc3-songs.json */; };
		0C1D41472C39B49E004305DD /* DataManager.swift in Sources */ = {isa = PBXBuildFile; fileRef = 0C1D41462C39B49E004305DD /* DataManager.swift */; };
		0C1D41482C39B49E004305DD /* DataManager.swift in Sources */ = {isa = PBXBuildFile; fileRef = 0C1D41462C39B49E004305DD /* DataManager.swift */; };
		0C5E6EA22C060E3C003C577B /* CollectedItem.swift in Sources */ = {isa = PBXBuildFile; fileRef = 0C5E6EA12C060E3C003C577B /* CollectedItem.swift */; };
		0C684BA52C12C139000E1BF7 /* SDWebImage in Frameworks */ = {isa = PBXBuildFile; productRef = 0C684BA42C12C139000E1BF7 /* SDWebImage */; };
		0C684BA72C12C139000E1BF7 /* SDWebImageMapKit in Frameworks */ = {isa = PBXBuildFile; productRef = 0C684BA62C12C139000E1BF7 /* SDWebImageMapKit */; };
		0C684BAA2C12C1F3000E1BF7 /* SDWebImageSwiftUI in Frameworks */ = {isa = PBXBuildFile; productRef = 0C684BA92C12C1F3000E1BF7 /* SDWebImageSwiftUI */; };
		0C6E25A92C24C2F100A7256D /* ViewModifiers.swift in Sources */ = {isa = PBXBuildFile; fileRef = 0C6E25A82C24C2EC00A7256D /* ViewModifiers.swift */; };
		0C6E25AA2C24C2F100A7256D /* ViewModifiers.swift in Sources */ = {isa = PBXBuildFile; fileRef = 0C6E25A82C24C2EC00A7256D /* ViewModifiers.swift */; };
		0C6E25AC2C24C33700A7256D /* ViewExtensions.swift in Sources */ = {isa = PBXBuildFile; fileRef = 0C6E25AB2C24C33300A7256D /* ViewExtensions.swift */; };
		0C6E25AD2C24C33700A7256D /* ViewExtensions.swift in Sources */ = {isa = PBXBuildFile; fileRef = 0C6E25AB2C24C33300A7256D /* ViewExtensions.swift */; };
		0C960DE12C22616C006CB1A6 /* CustomAnimations.swift in Sources */ = {isa = PBXBuildFile; fileRef = 0C960DE02C226161006CB1A6 /* CustomAnimations.swift */; };
		0C960DE22C22616C006CB1A6 /* CustomAnimations.swift in Sources */ = {isa = PBXBuildFile; fileRef = 0C960DE02C226161006CB1A6 /* CustomAnimations.swift */; };
		0C960DE42C2261FB006CB1A6 /* BackgroundMesh.swift in Sources */ = {isa = PBXBuildFile; fileRef = 0C960DE32C2261EA006CB1A6 /* BackgroundMesh.swift */; };
		0C960DE52C2261FB006CB1A6 /* BackgroundMesh.swift in Sources */ = {isa = PBXBuildFile; fileRef = 0C960DE32C2261EA006CB1A6 /* BackgroundMesh.swift */; };
		0C960DE72C227F74006CB1A6 /* Ripple.metal in Sources */ = {isa = PBXBuildFile; fileRef = 0C960DE62C227F74006CB1A6 /* Ripple.metal */; };
		0C960DE82C227F74006CB1A6 /* Ripple.metal in Sources */ = {isa = PBXBuildFile; fileRef = 0C960DE62C227F74006CB1A6 /* Ripple.metal */; };
		0C960DEA2C228619006CB1A6 /* CustomButton.swift in Sources */ = {isa = PBXBuildFile; fileRef = 0C960DE92C228619006CB1A6 /* CustomButton.swift */; };
		0C960DEB2C228619006CB1A6 /* CustomButton.swift in Sources */ = {isa = PBXBuildFile; fileRef = 0C960DE92C228619006CB1A6 /* CustomButton.swift */; };
		0C960DED2C228B28006CB1A6 /* ItemMenubar.swift in Sources */ = {isa = PBXBuildFile; fileRef = 0C960DEC2C228B28006CB1A6 /* ItemMenubar.swift */; };
		0C960DEE2C228B28006CB1A6 /* ItemMenubar.swift in Sources */ = {isa = PBXBuildFile; fileRef = 0C960DEC2C228B28006CB1A6 /* ItemMenubar.swift */; };
		0C960DF02C228EAE006CB1A6 /* CommonAssets.xcassets in Resources */ = {isa = PBXBuildFile; fileRef = 0C960DEF2C228EAE006CB1A6 /* CommonAssets.xcassets */; };
		0C960DF12C228EAE006CB1A6 /* CommonAssets.xcassets in Resources */ = {isa = PBXBuildFile; fileRef = 0C960DEF2C228EAE006CB1A6 /* CommonAssets.xcassets */; };
		0CA60A9A2C21294B00FA31F4 /* CommunityHomeView.swift in Sources */ = {isa = PBXBuildFile; fileRef = 0CA60A992C21294B00FA31F4 /* CommunityHomeView.swift */; };
		0CA60A9B2C2129E300FA31F4 /* CommunityHomeView.swift in Sources */ = {isa = PBXBuildFile; fileRef = 0CA60A992C21294B00FA31F4 /* CommunityHomeView.swift */; };
		0CA60A9C2C213FC200FA31F4 /* MusicPlayerView.swift in Sources */ = {isa = PBXBuildFile; fileRef = 0CF84EFC2C11732200453EAF /* MusicPlayerView.swift */; };
		0CA60A9D2C21400300FA31F4 /* Color+MT.swift in Sources */ = {isa = PBXBuildFile; fileRef = 0CF84EFF2C11778A00453EAF /* Color+MT.swift */; };
		0CA60A9E2C21400D00FA31F4 /* CollectorItemCrateVMProtocol.swift in Sources */ = {isa = PBXBuildFile; fileRef = 0CFE393E2C1FE12C002A0BD5 /* CollectorItemCrateVMProtocol.swift */; };
		0CA60AA02C2145F200FA31F4 /* CommunityDetailView.swift in Sources */ = {isa = PBXBuildFile; fileRef = 0CA60A9F2C2145F200FA31F4 /* CommunityDetailView.swift */; };
		0CA60AA12C2145F200FA31F4 /* CommunityDetailView.swift in Sources */ = {isa = PBXBuildFile; fileRef = 0CA60A9F2C2145F200FA31F4 /* CommunityDetailView.swift */; };
		0CAB8CBD2C2D075F008061C2 /* LoaderView.swift in Sources */ = {isa = PBXBuildFile; fileRef = 0CAB8CBC2C2D075F008061C2 /* LoaderView.swift */; };
		0CAB8CBE2C2D075F008061C2 /* LoaderView.swift in Sources */ = {isa = PBXBuildFile; fileRef = 0CAB8CBC2C2D075F008061C2 /* LoaderView.swift */; };
		0CAB8CC12C2D092A008061C2 /* CustomEffects.metal in Sources */ = {isa = PBXBuildFile; fileRef = 0CAB8CC02C2D092A008061C2 /* CustomEffects.metal */; };
		0CAB8CC22C2D092A008061C2 /* CustomEffects.metal in Sources */ = {isa = PBXBuildFile; fileRef = 0CAB8CC02C2D092A008061C2 /* CustomEffects.metal */; };
		0CB63A352C33B2630086707C /* ViewHelpers.swift in Sources */ = {isa = PBXBuildFile; fileRef = 0CB63A342C33B2630086707C /* ViewHelpers.swift */; };
		0CB63A362C33B2630086707C /* ViewHelpers.swift in Sources */ = {isa = PBXBuildFile; fileRef = 0CB63A342C33B2630086707C /* ViewHelpers.swift */; };
		0CC33A5C2C24607B00AA5D59 /* Gotham-Light.otf in Resources */ = {isa = PBXBuildFile; fileRef = 0CC33A542C24607B00AA5D59 /* Gotham-Light.otf */; };
		0CC33A5D2C24607B00AA5D59 /* Gotham-UltraItalic.otf in Resources */ = {isa = PBXBuildFile; fileRef = 0CC33A572C24607B00AA5D59 /* Gotham-UltraItalic.otf */; };
		0CC33A5E2C24607B00AA5D59 /* Gotham-XLight.otf in Resources */ = {isa = PBXBuildFile; fileRef = 0CC33A582C24607B00AA5D59 /* Gotham-XLight.otf */; };
		0CC33A5F2C24607B00AA5D59 /* Gotham-Bold.otf in Resources */ = {isa = PBXBuildFile; fileRef = 0CC33A522C24607B00AA5D59 /* Gotham-Bold.otf */; };
		0CC33A602C24607B00AA5D59 /* Gotham MediumItalic.otf in Resources */ = {isa = PBXBuildFile; fileRef = 0CC33A502C24607B00AA5D59 /* Gotham MediumItalic.otf */; };
		0CC33A612C24607B00AA5D59 /* Gotham-Medium.otf in Resources */ = {isa = PBXBuildFile; fileRef = 0CC33A552C24607B00AA5D59 /* Gotham-Medium.otf */; };
		0CC33A622C24607B00AA5D59 /* Gotham BoldItalic.otf in Resources */ = {isa = PBXBuildFile; fileRef = 0CC33A4F2C24607B00AA5D59 /* Gotham BoldItalic.otf */; };
		0CC33A632C24607B00AA5D59 /* Gotham-Black.otf in Resources */ = {isa = PBXBuildFile; fileRef = 0CC33A512C24607B00AA5D59 /* Gotham-Black.otf */; };
		0CC33A642C24607B00AA5D59 /* Gotham-ThinItalic.otf in Resources */ = {isa = PBXBuildFile; fileRef = 0CC33A562C24607B00AA5D59 /* Gotham-ThinItalic.otf */; };
		0CC33A652C24607B00AA5D59 /* Gotham-XLightItalic.otf in Resources */ = {isa = PBXBuildFile; fileRef = 0CC33A592C24607B00AA5D59 /* Gotham-XLightItalic.otf */; };
		0CC33A662C24607B00AA5D59 /* GothamBold.ttf in Resources */ = {isa = PBXBuildFile; fileRef = 0CC33A5A2C24607B00AA5D59 /* GothamBold.ttf */; };
		0CC33A672C24607B00AA5D59 /* Gotham-BookItalic.otf in Resources */ = {isa = PBXBuildFile; fileRef = 0CC33A532C24607B00AA5D59 /* Gotham-BookItalic.otf */; };
		0CC33A682C24607B00AA5D59 /* GothamBook.ttf in Resources */ = {isa = PBXBuildFile; fileRef = 0CC33A5B2C24607B00AA5D59 /* GothamBook.ttf */; };
		0CC33A692C24607B00AA5D59 /* Gotham-Light.otf in Resources */ = {isa = PBXBuildFile; fileRef = 0CC33A542C24607B00AA5D59 /* Gotham-Light.otf */; };
		0CC33A6A2C24607B00AA5D59 /* Gotham-UltraItalic.otf in Resources */ = {isa = PBXBuildFile; fileRef = 0CC33A572C24607B00AA5D59 /* Gotham-UltraItalic.otf */; };
		0CC33A6B2C24607B00AA5D59 /* Gotham-XLight.otf in Resources */ = {isa = PBXBuildFile; fileRef = 0CC33A582C24607B00AA5D59 /* Gotham-XLight.otf */; };
		0CC33A6C2C24607B00AA5D59 /* Gotham-Bold.otf in Resources */ = {isa = PBXBuildFile; fileRef = 0CC33A522C24607B00AA5D59 /* Gotham-Bold.otf */; };
		0CC33A6D2C24607B00AA5D59 /* Gotham MediumItalic.otf in Resources */ = {isa = PBXBuildFile; fileRef = 0CC33A502C24607B00AA5D59 /* Gotham MediumItalic.otf */; };
		0CC33A6E2C24607B00AA5D59 /* Gotham-Medium.otf in Resources */ = {isa = PBXBuildFile; fileRef = 0CC33A552C24607B00AA5D59 /* Gotham-Medium.otf */; };
		0CC33A6F2C24607B00AA5D59 /* Gotham BoldItalic.otf in Resources */ = {isa = PBXBuildFile; fileRef = 0CC33A4F2C24607B00AA5D59 /* Gotham BoldItalic.otf */; };
		0CC33A702C24607B00AA5D59 /* Gotham-Black.otf in Resources */ = {isa = PBXBuildFile; fileRef = 0CC33A512C24607B00AA5D59 /* Gotham-Black.otf */; };
		0CC33A712C24607B00AA5D59 /* Gotham-ThinItalic.otf in Resources */ = {isa = PBXBuildFile; fileRef = 0CC33A562C24607B00AA5D59 /* Gotham-ThinItalic.otf */; };
		0CC33A722C24607B00AA5D59 /* Gotham-XLightItalic.otf in Resources */ = {isa = PBXBuildFile; fileRef = 0CC33A592C24607B00AA5D59 /* Gotham-XLightItalic.otf */; };
		0CC33A732C24607B00AA5D59 /* GothamBold.ttf in Resources */ = {isa = PBXBuildFile; fileRef = 0CC33A5A2C24607B00AA5D59 /* GothamBold.ttf */; };
		0CC33A742C24607B00AA5D59 /* Gotham-BookItalic.otf in Resources */ = {isa = PBXBuildFile; fileRef = 0CC33A532C24607B00AA5D59 /* Gotham-BookItalic.otf */; };
		0CC33A752C24607B00AA5D59 /* GothamBook.ttf in Resources */ = {isa = PBXBuildFile; fileRef = 0CC33A5B2C24607B00AA5D59 /* GothamBook.ttf */; };
		0CE579632BF6F995006F1498 /* MusicTribesApp.swift in Sources */ = {isa = PBXBuildFile; fileRef = 0CE579622BF6F995006F1498 /* MusicTribesApp.swift */; };
		0CE579652BF6F995006F1498 /* ContentView.swift in Sources */ = {isa = PBXBuildFile; fileRef = 0CE579642BF6F995006F1498 /* ContentView.swift */; };
		0CE579672BF6F997006F1498 /* Assets.xcassets in Resources */ = {isa = PBXBuildFile; fileRef = 0CE579662BF6F997006F1498 /* Assets.xcassets */; };
		0CE5796B2BF6F997006F1498 /* Preview Assets.xcassets in Resources */ = {isa = PBXBuildFile; fileRef = 0CE5796A2BF6F997006F1498 /* Preview Assets.xcassets */; };
		0CE579772BF7049C006F1498 /* CollectorMainView.swift in Sources */ = {isa = PBXBuildFile; fileRef = 0CE579762BF7049C006F1498 /* CollectorMainView.swift */; };
		0CE579792BF7085E006F1498 /* CollectorItemCrateView.swift in Sources */ = {isa = PBXBuildFile; fileRef = 0CE579782BF7085E006F1498 /* CollectorItemCrateView.swift */; };
		0CE5797B2BF70A75006F1498 /* CollectorGridView.swift in Sources */ = {isa = PBXBuildFile; fileRef = 0CE5797A2BF70A75006F1498 /* CollectorGridView.swift */; };
		0CE5797D2BF70F47006F1498 /* MockData.swift in Sources */ = {isa = PBXBuildFile; fileRef = 0CE5797C2BF70F47006F1498 /* MockData.swift */; };
		0CE5797F2BF70F5E006F1498 /* CollectedArtist.swift in Sources */ = {isa = PBXBuildFile; fileRef = 0CE5797E2BF70F5E006F1498 /* CollectedArtist.swift */; };
		0CE579812BF70F68006F1498 /* Artist.swift in Sources */ = {isa = PBXBuildFile; fileRef = 0CE579802BF70F68006F1498 /* Artist.swift */; };
		0CE579832BF70F70006F1498 /* Collector.swift in Sources */ = {isa = PBXBuildFile; fileRef = 0CE579822BF70F70006F1498 /* Collector.swift */; };
		0CF84EFD2C11732200453EAF /* MusicPlayerView.swift in Sources */ = {isa = PBXBuildFile; fileRef = 0CF84EFC2C11732200453EAF /* MusicPlayerView.swift */; };
		0CF84F002C11778A00453EAF /* Color+MT.swift in Sources */ = {isa = PBXBuildFile; fileRef = 0CF84EFF2C11778A00453EAF /* Color+MT.swift */; };
		0CF9DC5A2C232BED00701E6F /* Utils.swift in Sources */ = {isa = PBXBuildFile; fileRef = 0CF9DC592C232BEA00701E6F /* Utils.swift */; };
		0CF9DC5B2C232BED00701E6F /* Utils.swift in Sources */ = {isa = PBXBuildFile; fileRef = 0CF9DC592C232BEA00701E6F /* Utils.swift */; };
		0CFE1CB92C12ACFF00211BBD /* artists.json in Resources */ = {isa = PBXBuildFile; fileRef = 0CFE1CB82C12ACFF00211BBD /* artists.json */; };
		0CFE390A2C1FC30B002A0BD5 /* MusicTribesSApp.swift in Sources */ = {isa = PBXBuildFile; fileRef = 0CFE39092C1FC30B002A0BD5 /* MusicTribesSApp.swift */; };
		0CFE390C2C1FC30B002A0BD5 /* ContentView.swift in Sources */ = {isa = PBXBuildFile; fileRef = 0CFE390B2C1FC30B002A0BD5 /* ContentView.swift */; };
		0CFE390E2C1FC30D002A0BD5 /* Assets.xcassets in Resources */ = {isa = PBXBuildFile; fileRef = 0CFE390D2C1FC30D002A0BD5 /* Assets.xcassets */; };
		0CFE39112C1FC30D002A0BD5 /* Preview Assets.xcassets in Resources */ = {isa = PBXBuildFile; fileRef = 0CFE39102C1FC30D002A0BD5 /* Preview Assets.xcassets */; };
		0CFE391B2C1FC30F002A0BD5 /* MusicTribesSTests.swift in Sources */ = {isa = PBXBuildFile; fileRef = 0CFE391A2C1FC30F002A0BD5 /* MusicTribesSTests.swift */; };
		0CFE39252C1FC30F002A0BD5 /* MusicTribesSUITests.swift in Sources */ = {isa = PBXBuildFile; fileRef = 0CFE39242C1FC30F002A0BD5 /* MusicTribesSUITests.swift */; };
		0CFE39272C1FC30F002A0BD5 /* MusicTribesSUITestsLaunchTests.swift in Sources */ = {isa = PBXBuildFile; fileRef = 0CFE39262C1FC30F002A0BD5 /* MusicTribesSUITestsLaunchTests.swift */; };
		0CFE39312C1FDA59002A0BD5 /* MusicTribesAPI.swift in Sources */ = {isa = PBXBuildFile; fileRef = 0C1971AF2BFDA04400BE28D2 /* MusicTribesAPI.swift */; };
		0CFE39322C1FDA60002A0BD5 /* artists.json in Resources */ = {isa = PBXBuildFile; fileRef = 0CFE1CB82C12ACFF00211BBD /* artists.json */; };
		0CFE39332C1FDA60002A0BD5 /* CollectedItem.swift in Sources */ = {isa = PBXBuildFile; fileRef = 0C5E6EA12C060E3C003C577B /* CollectedItem.swift */; };
		0CFE39342C1FDA60002A0BD5 /* MockData.swift in Sources */ = {isa = PBXBuildFile; fileRef = 0CE5797C2BF70F47006F1498 /* MockData.swift */; };
		0CFE39352C1FDA60002A0BD5 /* Artist.swift in Sources */ = {isa = PBXBuildFile; fileRef = 0CE579802BF70F68006F1498 /* Artist.swift */; };
		0CFE39362C1FDA60002A0BD5 /* Collector.swift in Sources */ = {isa = PBXBuildFile; fileRef = 0CE579822BF70F70006F1498 /* Collector.swift */; };
		0CFE39372C1FDA60002A0BD5 /* CollectedArtist.swift in Sources */ = {isa = PBXBuildFile; fileRef = 0CE5797E2BF70F5E006F1498 /* CollectedArtist.swift */; };
		0CFE39382C1FDA82002A0BD5 /* CollectorItemCrateView.swift in Sources */ = {isa = PBXBuildFile; fileRef = 0CE579782BF7085E006F1498 /* CollectorItemCrateView.swift */; };
		0CFE393B2C1FDB92002A0BD5 /* SDWebImage in Frameworks */ = {isa = PBXBuildFile; productRef = 0CFE393A2C1FDB92002A0BD5 /* SDWebImage */; };
		0CFE393D2C1FDB92002A0BD5 /* SDWebImageSwiftUI in Frameworks */ = {isa = PBXBuildFile; productRef = 0CFE393C2C1FDB92002A0BD5 /* SDWebImageSwiftUI */; };
		0CFE393F2C1FE12E002A0BD5 /* CollectorItemCrateVMProtocol.swift in Sources */ = {isa = PBXBuildFile; fileRef = 0CFE393E2C1FE12C002A0BD5 /* CollectorItemCrateVMProtocol.swift */; };
/* End PBXBuildFile section */

/* Begin PBXContainerItemProxy section */
		0CFE39172C1FC30F002A0BD5 /* PBXContainerItemProxy */ = {
			isa = PBXContainerItemProxy;
			containerPortal = 0CE579572BF6F995006F1498 /* Project object */;
			proxyType = 1;
			remoteGlobalIDString = 0CFE39062C1FC30B002A0BD5;
			remoteInfo = MusicTribesS;
		};
		0CFE39212C1FC30F002A0BD5 /* PBXContainerItemProxy */ = {
			isa = PBXContainerItemProxy;
			containerPortal = 0CE579572BF6F995006F1498 /* Project object */;
			proxyType = 1;
			remoteGlobalIDString = 0CFE39062C1FC30B002A0BD5;
			remoteInfo = MusicTribesS;
		};
/* End PBXContainerItemProxy section */

/* Begin PBXFileReference section */
		0C1971AF2BFDA04400BE28D2 /* MusicTribesAPI.swift */ = {isa = PBXFileReference; lastKnownFileType = sourcecode.swift; path = MusicTribesAPI.swift; sourceTree = "<group>"; };
		0C19ECB52C4CB5AF0075049A /* scenes.json */ = {isa = PBXFileReference; lastKnownFileType = text.json; path = scenes.json; sourceTree = "<group>"; };
		0C19ECB82C4CC3A50075049A /* scenes-2.json */ = {isa = PBXFileReference; lastKnownFileType = text.json; path = "scenes-2.json"; sourceTree = "<group>"; };
		0C1D413F2C39B2DE004305DD /* danc3-songs.json */ = {isa = PBXFileReference; lastKnownFileType = text.json; path = "danc3-songs.json"; sourceTree = "<group>"; };
		0C1D41462C39B49E004305DD /* DataManager.swift */ = {isa = PBXFileReference; lastKnownFileType = sourcecode.swift; path = DataManager.swift; sourceTree = "<group>"; };
		0C5E6EA12C060E3C003C577B /* CollectedItem.swift */ = {isa = PBXFileReference; lastKnownFileType = sourcecode.swift; path = CollectedItem.swift; sourceTree = "<group>"; };
		0C6E25A82C24C2EC00A7256D /* ViewModifiers.swift */ = {isa = PBXFileReference; lastKnownFileType = sourcecode.swift; path = ViewModifiers.swift; sourceTree = "<group>"; };
		0C6E25AB2C24C33300A7256D /* ViewExtensions.swift */ = {isa = PBXFileReference; lastKnownFileType = sourcecode.swift; path = ViewExtensions.swift; sourceTree = "<group>"; };
		0C960DE02C226161006CB1A6 /* CustomAnimations.swift */ = {isa = PBXFileReference; lastKnownFileType = sourcecode.swift; path = CustomAnimations.swift; sourceTree = "<group>"; };
		0C960DE32C2261EA006CB1A6 /* BackgroundMesh.swift */ = {isa = PBXFileReference; lastKnownFileType = sourcecode.swift; path = BackgroundMesh.swift; sourceTree = "<group>"; };
		0C960DE62C227F74006CB1A6 /* Ripple.metal */ = {isa = PBXFileReference; lastKnownFileType = sourcecode.metal; path = Ripple.metal; sourceTree = "<group>"; };
		0C960DE92C228619006CB1A6 /* CustomButton.swift */ = {isa = PBXFileReference; lastKnownFileType = sourcecode.swift; path = CustomButton.swift; sourceTree = "<group>"; };
		0C960DEC2C228B28006CB1A6 /* ItemMenubar.swift */ = {isa = PBXFileReference; lastKnownFileType = sourcecode.swift; path = ItemMenubar.swift; sourceTree = "<group>"; };
		0C960DEF2C228EAE006CB1A6 /* CommonAssets.xcassets */ = {isa = PBXFileReference; lastKnownFileType = folder.assetcatalog; path = CommonAssets.xcassets; sourceTree = "<group>"; };
		0CA60A992C21294B00FA31F4 /* CommunityHomeView.swift */ = {isa = PBXFileReference; lastKnownFileType = sourcecode.swift; path = CommunityHomeView.swift; sourceTree = "<group>"; };
		0CA60A9F2C2145F200FA31F4 /* CommunityDetailView.swift */ = {isa = PBXFileReference; lastKnownFileType = sourcecode.swift; path = CommunityDetailView.swift; sourceTree = "<group>"; };
		0CAB8CBC2C2D075F008061C2 /* LoaderView.swift */ = {isa = PBXFileReference; lastKnownFileType = sourcecode.swift; path = LoaderView.swift; sourceTree = "<group>"; };
		0CAB8CC02C2D092A008061C2 /* CustomEffects.metal */ = {isa = PBXFileReference; lastKnownFileType = sourcecode.metal; path = CustomEffects.metal; sourceTree = "<group>"; };
		0CB63A342C33B2630086707C /* ViewHelpers.swift */ = {isa = PBXFileReference; lastKnownFileType = sourcecode.swift; path = ViewHelpers.swift; sourceTree = "<group>"; };
		0CC33A4F2C24607B00AA5D59 /* Gotham BoldItalic.otf */ = {isa = PBXFileReference; lastKnownFileType = file; path = "Gotham BoldItalic.otf"; sourceTree = "<group>"; };
		0CC33A502C24607B00AA5D59 /* Gotham MediumItalic.otf */ = {isa = PBXFileReference; lastKnownFileType = file; path = "Gotham MediumItalic.otf"; sourceTree = "<group>"; };
		0CC33A512C24607B00AA5D59 /* Gotham-Black.otf */ = {isa = PBXFileReference; lastKnownFileType = file; path = "Gotham-Black.otf"; sourceTree = "<group>"; };
		0CC33A522C24607B00AA5D59 /* Gotham-Bold.otf */ = {isa = PBXFileReference; lastKnownFileType = file; path = "Gotham-Bold.otf"; sourceTree = "<group>"; };
		0CC33A532C24607B00AA5D59 /* Gotham-BookItalic.otf */ = {isa = PBXFileReference; lastKnownFileType = file; path = "Gotham-BookItalic.otf"; sourceTree = "<group>"; };
		0CC33A542C24607B00AA5D59 /* Gotham-Light.otf */ = {isa = PBXFileReference; lastKnownFileType = file; path = "Gotham-Light.otf"; sourceTree = "<group>"; };
		0CC33A552C24607B00AA5D59 /* Gotham-Medium.otf */ = {isa = PBXFileReference; lastKnownFileType = file; path = "Gotham-Medium.otf"; sourceTree = "<group>"; };
		0CC33A562C24607B00AA5D59 /* Gotham-ThinItalic.otf */ = {isa = PBXFileReference; lastKnownFileType = file; path = "Gotham-ThinItalic.otf"; sourceTree = "<group>"; };
		0CC33A572C24607B00AA5D59 /* Gotham-UltraItalic.otf */ = {isa = PBXFileReference; lastKnownFileType = file; path = "Gotham-UltraItalic.otf"; sourceTree = "<group>"; };
		0CC33A582C24607B00AA5D59 /* Gotham-XLight.otf */ = {isa = PBXFileReference; lastKnownFileType = file; path = "Gotham-XLight.otf"; sourceTree = "<group>"; };
		0CC33A592C24607B00AA5D59 /* Gotham-XLightItalic.otf */ = {isa = PBXFileReference; lastKnownFileType = file; path = "Gotham-XLightItalic.otf"; sourceTree = "<group>"; };
		0CC33A5A2C24607B00AA5D59 /* GothamBold.ttf */ = {isa = PBXFileReference; lastKnownFileType = file; path = GothamBold.ttf; sourceTree = "<group>"; };
		0CC33A5B2C24607B00AA5D59 /* GothamBook.ttf */ = {isa = PBXFileReference; lastKnownFileType = file; path = GothamBook.ttf; sourceTree = "<group>"; };
		0CC33A762C2466BB00AA5D59 /* Info.plist */ = {isa = PBXFileReference; lastKnownFileType = text.plist; path = Info.plist; sourceTree = "<group>"; };
		0CE5795F2BF6F995006F1498 /* MusicTribes.app */ = {isa = PBXFileReference; explicitFileType = wrapper.application; includeInIndex = 0; path = MusicTribes.app; sourceTree = BUILT_PRODUCTS_DIR; };
		0CE579622BF6F995006F1498 /* MusicTribesApp.swift */ = {isa = PBXFileReference; lastKnownFileType = sourcecode.swift; path = MusicTribesApp.swift; sourceTree = "<group>"; };
		0CE579642BF6F995006F1498 /* ContentView.swift */ = {isa = PBXFileReference; lastKnownFileType = sourcecode.swift; path = ContentView.swift; sourceTree = "<group>"; };
		0CE579662BF6F997006F1498 /* Assets.xcassets */ = {isa = PBXFileReference; lastKnownFileType = folder.assetcatalog; path = Assets.xcassets; sourceTree = "<group>"; };
		0CE579682BF6F997006F1498 /* MusicTribes.entitlements */ = {isa = PBXFileReference; lastKnownFileType = text.plist.entitlements; path = MusicTribes.entitlements; sourceTree = "<group>"; };
		0CE5796A2BF6F997006F1498 /* Preview Assets.xcassets */ = {isa = PBXFileReference; lastKnownFileType = folder.assetcatalog; path = "Preview Assets.xcassets"; sourceTree = "<group>"; };
		0CE579762BF7049C006F1498 /* CollectorMainView.swift */ = {isa = PBXFileReference; lastKnownFileType = sourcecode.swift; path = CollectorMainView.swift; sourceTree = "<group>"; };
		0CE579782BF7085E006F1498 /* CollectorItemCrateView.swift */ = {isa = PBXFileReference; lastKnownFileType = sourcecode.swift; path = CollectorItemCrateView.swift; sourceTree = "<group>"; };
		0CE5797A2BF70A75006F1498 /* CollectorGridView.swift */ = {isa = PBXFileReference; lastKnownFileType = sourcecode.swift; path = CollectorGridView.swift; sourceTree = "<group>"; };
		0CE5797C2BF70F47006F1498 /* MockData.swift */ = {isa = PBXFileReference; lastKnownFileType = sourcecode.swift; path = MockData.swift; sourceTree = "<group>"; };
		0CE5797E2BF70F5E006F1498 /* CollectedArtist.swift */ = {isa = PBXFileReference; lastKnownFileType = sourcecode.swift; path = CollectedArtist.swift; sourceTree = "<group>"; };
		0CE579802BF70F68006F1498 /* Artist.swift */ = {isa = PBXFileReference; lastKnownFileType = sourcecode.swift; path = Artist.swift; sourceTree = "<group>"; };
		0CE579822BF70F70006F1498 /* Collector.swift */ = {isa = PBXFileReference; lastKnownFileType = sourcecode.swift; path = Collector.swift; sourceTree = "<group>"; };
		0CF84EFC2C11732200453EAF /* MusicPlayerView.swift */ = {isa = PBXFileReference; lastKnownFileType = sourcecode.swift; path = MusicPlayerView.swift; sourceTree = "<group>"; };
		0CF84EFF2C11778A00453EAF /* Color+MT.swift */ = {isa = PBXFileReference; lastKnownFileType = sourcecode.swift; path = "Color+MT.swift"; sourceTree = "<group>"; };
		0CF9DC592C232BEA00701E6F /* Utils.swift */ = {isa = PBXFileReference; lastKnownFileType = sourcecode.swift; path = Utils.swift; sourceTree = "<group>"; };
		0CFE1CB82C12ACFF00211BBD /* artists.json */ = {isa = PBXFileReference; fileEncoding = 4; lastKnownFileType = text.json; path = artists.json; sourceTree = "<group>"; };
		0CFE39072C1FC30B002A0BD5 /* MusicTribesS.app */ = {isa = PBXFileReference; explicitFileType = wrapper.application; includeInIndex = 0; path = MusicTribesS.app; sourceTree = BUILT_PRODUCTS_DIR; };
		0CFE39092C1FC30B002A0BD5 /* MusicTribesSApp.swift */ = {isa = PBXFileReference; lastKnownFileType = sourcecode.swift; path = MusicTribesSApp.swift; sourceTree = "<group>"; };
		0CFE390B2C1FC30B002A0BD5 /* ContentView.swift */ = {isa = PBXFileReference; lastKnownFileType = sourcecode.swift; path = ContentView.swift; sourceTree = "<group>"; };
		0CFE390D2C1FC30D002A0BD5 /* Assets.xcassets */ = {isa = PBXFileReference; lastKnownFileType = folder.assetcatalog; path = Assets.xcassets; sourceTree = "<group>"; };
		0CFE39102C1FC30D002A0BD5 /* Preview Assets.xcassets */ = {isa = PBXFileReference; lastKnownFileType = folder.assetcatalog; path = "Preview Assets.xcassets"; sourceTree = "<group>"; };
		0CFE39162C1FC30F002A0BD5 /* MusicTribesSTests.xctest */ = {isa = PBXFileReference; explicitFileType = wrapper.cfbundle; includeInIndex = 0; path = MusicTribesSTests.xctest; sourceTree = BUILT_PRODUCTS_DIR; };
		0CFE391A2C1FC30F002A0BD5 /* MusicTribesSTests.swift */ = {isa = PBXFileReference; lastKnownFileType = sourcecode.swift; path = MusicTribesSTests.swift; sourceTree = "<group>"; };
		0CFE39202C1FC30F002A0BD5 /* MusicTribesSUITests.xctest */ = {isa = PBXFileReference; explicitFileType = wrapper.cfbundle; includeInIndex = 0; path = MusicTribesSUITests.xctest; sourceTree = BUILT_PRODUCTS_DIR; };
		0CFE39242C1FC30F002A0BD5 /* MusicTribesSUITests.swift */ = {isa = PBXFileReference; lastKnownFileType = sourcecode.swift; path = MusicTribesSUITests.swift; sourceTree = "<group>"; };
		0CFE39262C1FC30F002A0BD5 /* MusicTribesSUITestsLaunchTests.swift */ = {isa = PBXFileReference; lastKnownFileType = sourcecode.swift; path = MusicTribesSUITestsLaunchTests.swift; sourceTree = "<group>"; };
		0CFE393E2C1FE12C002A0BD5 /* CollectorItemCrateVMProtocol.swift */ = {isa = PBXFileReference; lastKnownFileType = sourcecode.swift; path = CollectorItemCrateVMProtocol.swift; sourceTree = "<group>"; };
/* End PBXFileReference section */

/* Begin PBXFrameworksBuildPhase section */
		0CE5795C2BF6F995006F1498 /* Frameworks */ = {
			isa = PBXFrameworksBuildPhase;
			buildActionMask = 2147483647;
			files = (
				0C684BAA2C12C1F3000E1BF7 /* SDWebImageSwiftUI in Frameworks */,
				0C684BA72C12C139000E1BF7 /* SDWebImageMapKit in Frameworks */,
				0C684BA52C12C139000E1BF7 /* SDWebImage in Frameworks */,
			);
			runOnlyForDeploymentPostprocessing = 0;
		};
		0CFE39042C1FC30B002A0BD5 /* Frameworks */ = {
			isa = PBXFrameworksBuildPhase;
			buildActionMask = 2147483647;
			files = (
				0CFE393D2C1FDB92002A0BD5 /* SDWebImageSwiftUI in Frameworks */,
				0CFE393B2C1FDB92002A0BD5 /* SDWebImage in Frameworks */,
			);
			runOnlyForDeploymentPostprocessing = 0;
		};
		0CFE39132C1FC30F002A0BD5 /* Frameworks */ = {
			isa = PBXFrameworksBuildPhase;
			buildActionMask = 2147483647;
			files = (
			);
			runOnlyForDeploymentPostprocessing = 0;
		};
		0CFE391D2C1FC30F002A0BD5 /* Frameworks */ = {
			isa = PBXFrameworksBuildPhase;
			buildActionMask = 2147483647;
			files = (
			);
			runOnlyForDeploymentPostprocessing = 0;
		};
/* End PBXFrameworksBuildPhase section */

/* Begin PBXGroup section */
		0C1D41422C39B2EA004305DD /* mocks */ = {
			isa = PBXGroup;
			children = (
				0C19ECB82C4CC3A50075049A /* scenes-2.json */,
				0C1D413F2C39B2DE004305DD /* danc3-songs.json */,
				0CFE1CB82C12ACFF00211BBD /* artists.json */,
				0C19ECB52C4CB5AF0075049A /* scenes.json */,
			);
			path = mocks;
			sourceTree = "<group>";
		};
		0CA60A982C21293200FA31F4 /* Community */ = {
			isa = PBXGroup;
			children = (
				0CA60A992C21294B00FA31F4 /* CommunityHomeView.swift */,
				0CA60A9F2C2145F200FA31F4 /* CommunityDetailView.swift */,
			);
			path = Community;
			sourceTree = "<group>";
		};
		0CAB8CBF2C2D0907008061C2 /* Metal */ = {
			isa = PBXGroup;
			children = (
				0C960DE62C227F74006CB1A6 /* Ripple.metal */,
				0CAB8CC02C2D092A008061C2 /* CustomEffects.metal */,
			);
			path = Metal;
			sourceTree = "<group>";
		};
		0CB63A332C3390EC0086707C /* Toolbox */ = {
			isa = PBXGroup;
			children = (
				0C6E25AB2C24C33300A7256D /* ViewExtensions.swift */,
				0C6E25A82C24C2EC00A7256D /* ViewModifiers.swift */,
				0CB63A342C33B2630086707C /* ViewHelpers.swift */,
			);
			path = Toolbox;
			sourceTree = "<group>";
		};
		0CC33A4D2C24605800AA5D59 /* Resources */ = {
			isa = PBXGroup;
			children = (
				0CC33A4E2C24606900AA5D59 /* Fonts */,
			);
			path = Resources;
			sourceTree = "<group>";
		};
		0CC33A4E2C24606900AA5D59 /* Fonts */ = {
			isa = PBXGroup;
			children = (
				0CC33A4F2C24607B00AA5D59 /* Gotham BoldItalic.otf */,
				0CC33A502C24607B00AA5D59 /* Gotham MediumItalic.otf */,
				0CC33A512C24607B00AA5D59 /* Gotham-Black.otf */,
				0CC33A522C24607B00AA5D59 /* Gotham-Bold.otf */,
				0CC33A532C24607B00AA5D59 /* Gotham-BookItalic.otf */,
				0CC33A542C24607B00AA5D59 /* Gotham-Light.otf */,
				0CC33A552C24607B00AA5D59 /* Gotham-Medium.otf */,
				0CC33A562C24607B00AA5D59 /* Gotham-ThinItalic.otf */,
				0CC33A572C24607B00AA5D59 /* Gotham-UltraItalic.otf */,
				0CC33A582C24607B00AA5D59 /* Gotham-XLight.otf */,
				0CC33A592C24607B00AA5D59 /* Gotham-XLightItalic.otf */,
				0CC33A5A2C24607B00AA5D59 /* GothamBold.ttf */,
				0CC33A5B2C24607B00AA5D59 /* GothamBook.ttf */,
			);
			path = Fonts;
			sourceTree = "<group>";
		};
		0CE579562BF6F995006F1498 = {
			isa = PBXGroup;
			children = (
				0CC33A4D2C24605800AA5D59 /* Resources */,
				0CE579612BF6F995006F1498 /* MusicTribes */,
				0CFE39082C1FC30B002A0BD5 /* MusicTribesS */,
				0CFE39192C1FC30F002A0BD5 /* MusicTribesSTests */,
				0CFE39232C1FC30F002A0BD5 /* MusicTribesSUITests */,
				0CE579602BF6F995006F1498 /* Products */,
				0CFE39392C1FDB86002A0BD5 /* Frameworks */,
			);
			sourceTree = "<group>";
		};
		0CE579602BF6F995006F1498 /* Products */ = {
			isa = PBXGroup;
			children = (
				0CE5795F2BF6F995006F1498 /* MusicTribes.app */,
				0CFE39072C1FC30B002A0BD5 /* MusicTribesS.app */,
				0CFE39162C1FC30F002A0BD5 /* MusicTribesSTests.xctest */,
				0CFE39202C1FC30F002A0BD5 /* MusicTribesSUITests.xctest */,
			);
			name = Products;
			sourceTree = "<group>";
		};
		0CE579612BF6F995006F1498 /* MusicTribes */ = {
			isa = PBXGroup;
			children = (
				0CF9DC582C232BE300701E6F /* Helpers */,
				0CE579732BF6FA4D006F1498 /* Domain */,
				0CE579722BF6FA44006F1498 /* Data */,
				0CE579712BF6FA3B006F1498 /* UI */,
				0CE579622BF6F995006F1498 /* MusicTribesApp.swift */,
				0CE579642BF6F995006F1498 /* ContentView.swift */,
				0CE579662BF6F997006F1498 /* Assets.xcassets */,
				0CE579682BF6F997006F1498 /* MusicTribes.entitlements */,
				0CE579692BF6F997006F1498 /* Preview Content */,
			);
			path = MusicTribes;
			sourceTree = "<group>";
		};
		0CE579692BF6F997006F1498 /* Preview Content */ = {
			isa = PBXGroup;
			children = (
				0CE5796A2BF6F997006F1498 /* Preview Assets.xcassets */,
			);
			path = "Preview Content";
			sourceTree = "<group>";
		};
		0CE579712BF6FA3B006F1498 /* UI */ = {
			isa = PBXGroup;
			children = (
				0CA60A982C21293200FA31F4 /* Community */,
				0CF84EFB2C11730500453EAF /* MusicPlayer */,
				0CE579752BF702E5006F1498 /* Collector */,
				0CE579742BF702DC006F1498 /* Artist */,
				0CAB8CBC2C2D075F008061C2 /* LoaderView.swift */,
			);
			path = UI;
			sourceTree = "<group>";
		};
		0CE579722BF6FA44006F1498 /* Data */ = {
			isa = PBXGroup;
			children = (
				0C1D41422C39B2EA004305DD /* mocks */,
				0CE5797C2BF70F47006F1498 /* MockData.swift */,
				0CE5797E2BF70F5E006F1498 /* CollectedArtist.swift */,
				0CE579802BF70F68006F1498 /* Artist.swift */,
				0CE579822BF70F70006F1498 /* Collector.swift */,
				0C5E6EA12C060E3C003C577B /* CollectedItem.swift */,
				0C1D41462C39B49E004305DD /* DataManager.swift */,
			);
			path = Data;
			sourceTree = "<group>";
		};
		0CE579732BF6FA4D006F1498 /* Domain */ = {
			isa = PBXGroup;
			children = (
				0C1971AF2BFDA04400BE28D2 /* MusicTribesAPI.swift */,
			);
			path = Domain;
			sourceTree = "<group>";
		};
		0CE579742BF702DC006F1498 /* Artist */ = {
			isa = PBXGroup;
			children = (
			);
			path = Artist;
			sourceTree = "<group>";
		};
		0CE579752BF702E5006F1498 /* Collector */ = {
			isa = PBXGroup;
			children = (
				0CE579762BF7049C006F1498 /* CollectorMainView.swift */,
				0CE5797A2BF70A75006F1498 /* CollectorGridView.swift */,
			);
			path = Collector;
			sourceTree = "<group>";
		};
		0CF84EFB2C11730500453EAF /* MusicPlayer */ = {
			isa = PBXGroup;
			children = (
				0CF84EFC2C11732200453EAF /* MusicPlayerView.swift */,
			);
			path = MusicPlayer;
			sourceTree = "<group>";
		};
		0CF84EFE2C11772600453EAF /* Design */ = {
			isa = PBXGroup;
			children = (
				0CAB8CBF2C2D0907008061C2 /* Metal */,
				0C960DE32C2261EA006CB1A6 /* BackgroundMesh.swift */,
				0C960DE02C226161006CB1A6 /* CustomAnimations.swift */,
				0CF84EFF2C11778A00453EAF /* Color+MT.swift */,
				0CE579782BF7085E006F1498 /* CollectorItemCrateView.swift */,
				0CFE393E2C1FE12C002A0BD5 /* CollectorItemCrateVMProtocol.swift */,
				0C960DE92C228619006CB1A6 /* CustomButton.swift */,
				0C960DEC2C228B28006CB1A6 /* ItemMenubar.swift */,
				0C960DEF2C228EAE006CB1A6 /* CommonAssets.xcassets */,
			);
			path = Design;
			sourceTree = "<group>";
		};
		0CF9DC582C232BE300701E6F /* Helpers */ = {
			isa = PBXGroup;
			children = (
				0CB63A332C3390EC0086707C /* Toolbox */,
				0CF9DC592C232BEA00701E6F /* Utils.swift */,
				0CF84EFE2C11772600453EAF /* Design */,
			);
			path = Helpers;
			sourceTree = "<group>";
		};
		0CFE39082C1FC30B002A0BD5 /* MusicTribesS */ = {
			isa = PBXGroup;
			children = (
				0CC33A762C2466BB00AA5D59 /* Info.plist */,
				0CFE39092C1FC30B002A0BD5 /* MusicTribesSApp.swift */,
				0CFE390B2C1FC30B002A0BD5 /* ContentView.swift */,
				0CFE390D2C1FC30D002A0BD5 /* Assets.xcassets */,
				0CFE390F2C1FC30D002A0BD5 /* Preview Content */,
			);
			path = MusicTribesS;
			sourceTree = "<group>";
		};
		0CFE390F2C1FC30D002A0BD5 /* Preview Content */ = {
			isa = PBXGroup;
			children = (
				0CFE39102C1FC30D002A0BD5 /* Preview Assets.xcassets */,
			);
			path = "Preview Content";
			sourceTree = "<group>";
		};
		0CFE39192C1FC30F002A0BD5 /* MusicTribesSTests */ = {
			isa = PBXGroup;
			children = (
				0CFE391A2C1FC30F002A0BD5 /* MusicTribesSTests.swift */,
			);
			path = MusicTribesSTests;
			sourceTree = "<group>";
		};
		0CFE39232C1FC30F002A0BD5 /* MusicTribesSUITests */ = {
			isa = PBXGroup;
			children = (
				0CFE39242C1FC30F002A0BD5 /* MusicTribesSUITests.swift */,
				0CFE39262C1FC30F002A0BD5 /* MusicTribesSUITestsLaunchTests.swift */,
			);
			path = MusicTribesSUITests;
			sourceTree = "<group>";
		};
		0CFE39392C1FDB86002A0BD5 /* Frameworks */ = {
			isa = PBXGroup;
			children = (
			);
			name = Frameworks;
			sourceTree = "<group>";
		};
/* End PBXGroup section */

/* Begin PBXNativeTarget section */
		0CE5795E2BF6F995006F1498 /* MusicTribes */ = {
			isa = PBXNativeTarget;
			buildConfigurationList = 0CE5796E2BF6F997006F1498 /* Build configuration list for PBXNativeTarget "MusicTribes" */;
			buildPhases = (
				0CE5795B2BF6F995006F1498 /* Sources */,
				0CE5795C2BF6F995006F1498 /* Frameworks */,
				0CE5795D2BF6F995006F1498 /* Resources */,
			);
			buildRules = (
			);
			dependencies = (
			);
			name = MusicTribes;
			packageProductDependencies = (
				0C684BA42C12C139000E1BF7 /* SDWebImage */,
				0C684BA62C12C139000E1BF7 /* SDWebImageMapKit */,
				0C684BA92C12C1F3000E1BF7 /* SDWebImageSwiftUI */,
			);
			productName = MusicTribes;
			productReference = 0CE5795F2BF6F995006F1498 /* MusicTribes.app */;
			productType = "com.apple.product-type.application";
		};
		0CFE39062C1FC30B002A0BD5 /* MusicTribesS */ = {
			isa = PBXNativeTarget;
			buildConfigurationList = 0CFE392E2C1FC30F002A0BD5 /* Build configuration list for PBXNativeTarget "MusicTribesS" */;
			buildPhases = (
				0CFE39032C1FC30B002A0BD5 /* Sources */,
				0CFE39042C1FC30B002A0BD5 /* Frameworks */,
				0CFE39052C1FC30B002A0BD5 /* Resources */,
			);
			buildRules = (
			);
			dependencies = (
			);
			name = MusicTribesS;
			packageProductDependencies = (
				0CFE393A2C1FDB92002A0BD5 /* SDWebImage */,
				0CFE393C2C1FDB92002A0BD5 /* SDWebImageSwiftUI */,
			);
			productName = MusicTribesS;
			productReference = 0CFE39072C1FC30B002A0BD5 /* MusicTribesS.app */;
			productType = "com.apple.product-type.application";
		};
		0CFE39152C1FC30F002A0BD5 /* MusicTribesSTests */ = {
			isa = PBXNativeTarget;
			buildConfigurationList = 0CFE392F2C1FC30F002A0BD5 /* Build configuration list for PBXNativeTarget "MusicTribesSTests" */;
			buildPhases = (
				0CFE39122C1FC30F002A0BD5 /* Sources */,
				0CFE39132C1FC30F002A0BD5 /* Frameworks */,
				0CFE39142C1FC30F002A0BD5 /* Resources */,
			);
			buildRules = (
			);
			dependencies = (
				0CFE39182C1FC30F002A0BD5 /* PBXTargetDependency */,
			);
			name = MusicTribesSTests;
			productName = MusicTribesSTests;
			productReference = 0CFE39162C1FC30F002A0BD5 /* MusicTribesSTests.xctest */;
			productType = "com.apple.product-type.bundle.unit-test";
		};
		0CFE391F2C1FC30F002A0BD5 /* MusicTribesSUITests */ = {
			isa = PBXNativeTarget;
			buildConfigurationList = 0CFE39302C1FC30F002A0BD5 /* Build configuration list for PBXNativeTarget "MusicTribesSUITests" */;
			buildPhases = (
				0CFE391C2C1FC30F002A0BD5 /* Sources */,
				0CFE391D2C1FC30F002A0BD5 /* Frameworks */,
				0CFE391E2C1FC30F002A0BD5 /* Resources */,
			);
			buildRules = (
			);
			dependencies = (
				0CFE39222C1FC30F002A0BD5 /* PBXTargetDependency */,
			);
			name = MusicTribesSUITests;
			productName = MusicTribesSUITests;
			productReference = 0CFE39202C1FC30F002A0BD5 /* MusicTribesSUITests.xctest */;
			productType = "com.apple.product-type.bundle.ui-testing";
		};
/* End PBXNativeTarget section */

/* Begin PBXProject section */
		0CE579572BF6F995006F1498 /* Project object */ = {
			isa = PBXProject;
			attributes = {
				BuildIndependentTargetsInParallel = 1;
				LastSwiftUpdateCheck = 1600;
				LastUpgradeCheck = 1520;
				TargetAttributes = {
					0CE5795E2BF6F995006F1498 = {
						CreatedOnToolsVersion = 15.2;
					};
					0CFE39062C1FC30B002A0BD5 = {
						CreatedOnToolsVersion = 16.0;
					};
					0CFE39152C1FC30F002A0BD5 = {
						CreatedOnToolsVersion = 16.0;
						TestTargetID = 0CFE39062C1FC30B002A0BD5;
					};
					0CFE391F2C1FC30F002A0BD5 = {
						CreatedOnToolsVersion = 16.0;
						TestTargetID = 0CFE39062C1FC30B002A0BD5;
					};
				};
			};
			buildConfigurationList = 0CE5795A2BF6F995006F1498 /* Build configuration list for PBXProject "MusicTribes" */;
			compatibilityVersion = "Xcode 14.0";
			developmentRegion = en;
			hasScannedForEncodings = 0;
			knownRegions = (
				en,
				Base,
			);
			mainGroup = 0CE579562BF6F995006F1498;
			packageReferences = (
				0C684BA32C12C139000E1BF7 /* XCRemoteSwiftPackageReference "SDWebImage" */,
				0C684BA82C12C1F3000E1BF7 /* XCRemoteSwiftPackageReference "SDWebImageSwiftUI" */,
			);
			productRefGroup = 0CE579602BF6F995006F1498 /* Products */;
			projectDirPath = "";
			projectRoot = "";
			targets = (
				0CE5795E2BF6F995006F1498 /* MusicTribes */,
				0CFE39062C1FC30B002A0BD5 /* MusicTribesS */,
				0CFE39152C1FC30F002A0BD5 /* MusicTribesSTests */,
				0CFE391F2C1FC30F002A0BD5 /* MusicTribesSUITests */,
			);
		};
/* End PBXProject section */

/* Begin PBXResourcesBuildPhase section */
		0CE5795D2BF6F995006F1498 /* Resources */ = {
			isa = PBXResourcesBuildPhase;
			buildActionMask = 2147483647;
			files = (
				0CE5796B2BF6F997006F1498 /* Preview Assets.xcassets in Resources */,
				0C960DF12C228EAE006CB1A6 /* CommonAssets.xcassets in Resources */,
				0C19ECB72C4CB5AF0075049A /* scenes.json in Resources */,
				0CFE1CB92C12ACFF00211BBD /* artists.json in Resources */,
				0CC33A5C2C24607B00AA5D59 /* Gotham-Light.otf in Resources */,
				0CC33A5D2C24607B00AA5D59 /* Gotham-UltraItalic.otf in Resources */,
				0CC33A5E2C24607B00AA5D59 /* Gotham-XLight.otf in Resources */,
				0C1D41412C39B2DE004305DD /* danc3-songs.json in Resources */,
				0CC33A5F2C24607B00AA5D59 /* Gotham-Bold.otf in Resources */,
				0CC33A602C24607B00AA5D59 /* Gotham MediumItalic.otf in Resources */,
				0CC33A612C24607B00AA5D59 /* Gotham-Medium.otf in Resources */,
				0CC33A622C24607B00AA5D59 /* Gotham BoldItalic.otf in Resources */,
				0CC33A632C24607B00AA5D59 /* Gotham-Black.otf in Resources */,
				0C19ECBA2C4CC3B10075049A /* scenes-2.json in Resources */,
				0CC33A642C24607B00AA5D59 /* Gotham-ThinItalic.otf in Resources */,
				0CC33A652C24607B00AA5D59 /* Gotham-XLightItalic.otf in Resources */,
				0CC33A662C24607B00AA5D59 /* GothamBold.ttf in Resources */,
				0CC33A672C24607B00AA5D59 /* Gotham-BookItalic.otf in Resources */,
				0CC33A682C24607B00AA5D59 /* GothamBook.ttf in Resources */,
				0CE579672BF6F997006F1498 /* Assets.xcassets in Resources */,
			);
			runOnlyForDeploymentPostprocessing = 0;
		};
		0CFE39052C1FC30B002A0BD5 /* Resources */ = {
			isa = PBXResourcesBuildPhase;
			buildActionMask = 2147483647;
			files = (
				0CFE39112C1FC30D002A0BD5 /* Preview Assets.xcassets in Resources */,
				0C960DF02C228EAE006CB1A6 /* CommonAssets.xcassets in Resources */,
				0C19ECB62C4CB5AF0075049A /* scenes.json in Resources */,
				0CFE39322C1FDA60002A0BD5 /* artists.json in Resources */,
				0CC33A692C24607B00AA5D59 /* Gotham-Light.otf in Resources */,
				0CC33A6A2C24607B00AA5D59 /* Gotham-UltraItalic.otf in Resources */,
				0CC33A6B2C24607B00AA5D59 /* Gotham-XLight.otf in Resources */,
				0C1D41402C39B2DE004305DD /* danc3-songs.json in Resources */,
				0CC33A6C2C24607B00AA5D59 /* Gotham-Bold.otf in Resources */,
				0CC33A6D2C24607B00AA5D59 /* Gotham MediumItalic.otf in Resources */,
				0CC33A6E2C24607B00AA5D59 /* Gotham-Medium.otf in Resources */,
				0CC33A6F2C24607B00AA5D59 /* Gotham BoldItalic.otf in Resources */,
				0CC33A702C24607B00AA5D59 /* Gotham-Black.otf in Resources */,
				0C19ECB92C4CC3B10075049A /* scenes-2.json in Resources */,
				0CC33A712C24607B00AA5D59 /* Gotham-ThinItalic.otf in Resources */,
				0CC33A722C24607B00AA5D59 /* Gotham-XLightItalic.otf in Resources */,
				0CC33A732C24607B00AA5D59 /* GothamBold.ttf in Resources */,
				0CC33A742C24607B00AA5D59 /* Gotham-BookItalic.otf in Resources */,
				0CC33A752C24607B00AA5D59 /* GothamBook.ttf in Resources */,
				0CFE390E2C1FC30D002A0BD5 /* Assets.xcassets in Resources */,
			);
			runOnlyForDeploymentPostprocessing = 0;
		};
		0CFE39142C1FC30F002A0BD5 /* Resources */ = {
			isa = PBXResourcesBuildPhase;
			buildActionMask = 2147483647;
			files = (
			);
			runOnlyForDeploymentPostprocessing = 0;
		};
		0CFE391E2C1FC30F002A0BD5 /* Resources */ = {
			isa = PBXResourcesBuildPhase;
			buildActionMask = 2147483647;
			files = (
			);
			runOnlyForDeploymentPostprocessing = 0;
		};
/* End PBXResourcesBuildPhase section */

/* Begin PBXSourcesBuildPhase section */
		0CE5795B2BF6F995006F1498 /* Sources */ = {
			isa = PBXSourcesBuildPhase;
			buildActionMask = 2147483647;
			files = (
				0CE579792BF7085E006F1498 /* CollectorItemCrateView.swift in Sources */,
				0CE5797D2BF70F47006F1498 /* MockData.swift in Sources */,
				0CFE393F2C1FE12E002A0BD5 /* CollectorItemCrateVMProtocol.swift in Sources */,
				0CE5797B2BF70A75006F1498 /* CollectorGridView.swift in Sources */,
				0C960DEA2C228619006CB1A6 /* CustomButton.swift in Sources */,
				0C5E6EA22C060E3C003C577B /* CollectedItem.swift in Sources */,
				0CE5797F2BF70F5E006F1498 /* CollectedArtist.swift in Sources */,
				0CF9DC5B2C232BED00701E6F /* Utils.swift in Sources */,
				0CE579772BF7049C006F1498 /* CollectorMainView.swift in Sources */,
				0CA60AA02C2145F200FA31F4 /* CommunityDetailView.swift in Sources */,
				0C6E25AC2C24C33700A7256D /* ViewExtensions.swift in Sources */,
				0C960DE52C2261FB006CB1A6 /* BackgroundMesh.swift in Sources */,
				0CE579832BF70F70006F1498 /* Collector.swift in Sources */,
				0CE579652BF6F995006F1498 /* ContentView.swift in Sources */,
				0CE579812BF70F68006F1498 /* Artist.swift in Sources */,
				0C6E25AA2C24C2F100A7256D /* ViewModifiers.swift in Sources */,
				0C960DE22C22616C006CB1A6 /* CustomAnimations.swift in Sources */,
				0C1D41482C39B49E004305DD /* DataManager.swift in Sources */,
				0CF84EFD2C11732200453EAF /* MusicPlayerView.swift in Sources */,
				0CAB8CC12C2D092A008061C2 /* CustomEffects.metal in Sources */,
				0CE579632BF6F995006F1498 /* MusicTribesApp.swift in Sources */,
				0C960DE82C227F74006CB1A6 /* Ripple.metal in Sources */,
				0CB63A352C33B2630086707C /* ViewHelpers.swift in Sources */,
				0C1971B02BFDA04400BE28D2 /* MusicTribesAPI.swift in Sources */,
				0C960DEE2C228B28006CB1A6 /* ItemMenubar.swift in Sources */,
				0CAB8CBD2C2D075F008061C2 /* LoaderView.swift in Sources */,
				0CF84F002C11778A00453EAF /* Color+MT.swift in Sources */,
				0CA60A9A2C21294B00FA31F4 /* CommunityHomeView.swift in Sources */,
			);
			runOnlyForDeploymentPostprocessing = 0;
		};
		0CFE39032C1FC30B002A0BD5 /* Sources */ = {
			isa = PBXSourcesBuildPhase;
			buildActionMask = 2147483647;
			files = (
				0C6E25AD2C24C33700A7256D /* ViewExtensions.swift in Sources */,
				0CA60A9D2C21400300FA31F4 /* Color+MT.swift in Sources */,
				0CAB8CBE2C2D075F008061C2 /* LoaderView.swift in Sources */,
				0CFE390C2C1FC30B002A0BD5 /* ContentView.swift in Sources */,
				0C960DEB2C228619006CB1A6 /* CustomButton.swift in Sources */,
				0C960DE72C227F74006CB1A6 /* Ripple.metal in Sources */,
				0CFE390A2C1FC30B002A0BD5 /* MusicTribesSApp.swift in Sources */,
				0CFE39332C1FDA60002A0BD5 /* CollectedItem.swift in Sources */,
				0CB63A362C33B2630086707C /* ViewHelpers.swift in Sources */,
				0CA60A9B2C2129E300FA31F4 /* CommunityHomeView.swift in Sources */,
				0C960DED2C228B28006CB1A6 /* ItemMenubar.swift in Sources */,
				0C1D41472C39B49E004305DD /* DataManager.swift in Sources */,
				0CFE39382C1FDA82002A0BD5 /* CollectorItemCrateView.swift in Sources */,
				0CFE39342C1FDA60002A0BD5 /* MockData.swift in Sources */,
				0CA60AA12C2145F200FA31F4 /* CommunityDetailView.swift in Sources */,
				0CFE39352C1FDA60002A0BD5 /* Artist.swift in Sources */,
				0CA60A9E2C21400D00FA31F4 /* CollectorItemCrateVMProtocol.swift in Sources */,
				0CFE39362C1FDA60002A0BD5 /* Collector.swift in Sources */,
				0CFE39372C1FDA60002A0BD5 /* CollectedArtist.swift in Sources */,
				0C6E25A92C24C2F100A7256D /* ViewModifiers.swift in Sources */,
				0CF9DC5A2C232BED00701E6F /* Utils.swift in Sources */,
				0C960DE42C2261FB006CB1A6 /* BackgroundMesh.swift in Sources */,
				0C960DE12C22616C006CB1A6 /* CustomAnimations.swift in Sources */,
				0CA60A9C2C213FC200FA31F4 /* MusicPlayerView.swift in Sources */,
				0CAB8CC22C2D092A008061C2 /* CustomEffects.metal in Sources */,
				0CFE39312C1FDA59002A0BD5 /* MusicTribesAPI.swift in Sources */,
			);
			runOnlyForDeploymentPostprocessing = 0;
		};
		0CFE39122C1FC30F002A0BD5 /* Sources */ = {
			isa = PBXSourcesBuildPhase;
			buildActionMask = 2147483647;
			files = (
				0CFE391B2C1FC30F002A0BD5 /* MusicTribesSTests.swift in Sources */,
			);
			runOnlyForDeploymentPostprocessing = 0;
		};
		0CFE391C2C1FC30F002A0BD5 /* Sources */ = {
			isa = PBXSourcesBuildPhase;
			buildActionMask = 2147483647;
			files = (
				0CFE39252C1FC30F002A0BD5 /* MusicTribesSUITests.swift in Sources */,
				0CFE39272C1FC30F002A0BD5 /* MusicTribesSUITestsLaunchTests.swift in Sources */,
			);
			runOnlyForDeploymentPostprocessing = 0;
		};
/* End PBXSourcesBuildPhase section */

/* Begin PBXTargetDependency section */
		0CFE39182C1FC30F002A0BD5 /* PBXTargetDependency */ = {
			isa = PBXTargetDependency;
			target = 0CFE39062C1FC30B002A0BD5 /* MusicTribesS */;
			targetProxy = 0CFE39172C1FC30F002A0BD5 /* PBXContainerItemProxy */;
		};
		0CFE39222C1FC30F002A0BD5 /* PBXTargetDependency */ = {
			isa = PBXTargetDependency;
			target = 0CFE39062C1FC30B002A0BD5 /* MusicTribesS */;
			targetProxy = 0CFE39212C1FC30F002A0BD5 /* PBXContainerItemProxy */;
		};
/* End PBXTargetDependency section */

/* Begin XCBuildConfiguration section */
		0CE5796C2BF6F997006F1498 /* Debug */ = {
			isa = XCBuildConfiguration;
			buildSettings = {
				ALWAYS_SEARCH_USER_PATHS = NO;
				ASSETCATALOG_COMPILER_GENERATE_SWIFT_ASSET_SYMBOL_EXTENSIONS = YES;
				CLANG_ANALYZER_NONNULL = YES;
				CLANG_ANALYZER_NUMBER_OBJECT_CONVERSION = YES_AGGRESSIVE;
				CLANG_CXX_LANGUAGE_STANDARD = "gnu++20";
				CLANG_ENABLE_MODULES = YES;
				CLANG_ENABLE_OBJC_ARC = YES;
				CLANG_ENABLE_OBJC_WEAK = YES;
				CLANG_WARN_BLOCK_CAPTURE_AUTORELEASING = YES;
				CLANG_WARN_BOOL_CONVERSION = YES;
				CLANG_WARN_COMMA = YES;
				CLANG_WARN_CONSTANT_CONVERSION = YES;
				CLANG_WARN_DEPRECATED_OBJC_IMPLEMENTATIONS = YES;
				CLANG_WARN_DIRECT_OBJC_ISA_USAGE = YES_ERROR;
				CLANG_WARN_DOCUMENTATION_COMMENTS = YES;
				CLANG_WARN_EMPTY_BODY = YES;
				CLANG_WARN_ENUM_CONVERSION = YES;
				CLANG_WARN_INFINITE_RECURSION = YES;
				CLANG_WARN_INT_CONVERSION = YES;
				CLANG_WARN_NON_LITERAL_NULL_CONVERSION = YES;
				CLANG_WARN_OBJC_IMPLICIT_RETAIN_SELF = YES;
				CLANG_WARN_OBJC_LITERAL_CONVERSION = YES;
				CLANG_WARN_OBJC_ROOT_CLASS = YES_ERROR;
				CLANG_WARN_QUOTED_INCLUDE_IN_FRAMEWORK_HEADER = YES;
				CLANG_WARN_RANGE_LOOP_ANALYSIS = YES;
				CLANG_WARN_STRICT_PROTOTYPES = YES;
				CLANG_WARN_SUSPICIOUS_MOVE = YES;
				CLANG_WARN_UNGUARDED_AVAILABILITY = YES_AGGRESSIVE;
				CLANG_WARN_UNREACHABLE_CODE = YES;
				CLANG_WARN__DUPLICATE_METHOD_MATCH = YES;
				COPY_PHASE_STRIP = NO;
				DEBUG_INFORMATION_FORMAT = dwarf;
				ENABLE_STRICT_OBJC_MSGSEND = YES;
				ENABLE_TESTABILITY = YES;
				ENABLE_USER_SCRIPT_SANDBOXING = YES;
				GCC_C_LANGUAGE_STANDARD = gnu17;
				GCC_DYNAMIC_NO_PIC = NO;
				GCC_NO_COMMON_BLOCKS = YES;
				GCC_OPTIMIZATION_LEVEL = 0;
				GCC_PREPROCESSOR_DEFINITIONS = (
					"DEBUG=1",
					"$(inherited)",
				);
				GCC_WARN_64_TO_32_BIT_CONVERSION = YES;
				GCC_WARN_ABOUT_RETURN_TYPE = YES_ERROR;
				GCC_WARN_UNDECLARED_SELECTOR = YES;
				GCC_WARN_UNINITIALIZED_AUTOS = YES_AGGRESSIVE;
				GCC_WARN_UNUSED_FUNCTION = YES;
				GCC_WARN_UNUSED_VARIABLE = YES;
				IPHONEOS_DEPLOYMENT_TARGET = 15.6;
				LOCALIZATION_PREFERS_STRING_CATALOGS = YES;
				MTL_ENABLE_DEBUG_INFO = INCLUDE_SOURCE;
				MTL_FAST_MATH = YES;
				ONLY_ACTIVE_ARCH = YES;
				SWIFT_ACTIVE_COMPILATION_CONDITIONS = "DEBUG $(inherited)";
				SWIFT_OPTIMIZATION_LEVEL = "-Onone";
			};
			name = Debug;
		};
		0CE5796D2BF6F997006F1498 /* Release */ = {
			isa = XCBuildConfiguration;
			buildSettings = {
				ALWAYS_SEARCH_USER_PATHS = NO;
				ASSETCATALOG_COMPILER_GENERATE_SWIFT_ASSET_SYMBOL_EXTENSIONS = YES;
				CLANG_ANALYZER_NONNULL = YES;
				CLANG_ANALYZER_NUMBER_OBJECT_CONVERSION = YES_AGGRESSIVE;
				CLANG_CXX_LANGUAGE_STANDARD = "gnu++20";
				CLANG_ENABLE_MODULES = YES;
				CLANG_ENABLE_OBJC_ARC = YES;
				CLANG_ENABLE_OBJC_WEAK = YES;
				CLANG_WARN_BLOCK_CAPTURE_AUTORELEASING = YES;
				CLANG_WARN_BOOL_CONVERSION = YES;
				CLANG_WARN_COMMA = YES;
				CLANG_WARN_CONSTANT_CONVERSION = YES;
				CLANG_WARN_DEPRECATED_OBJC_IMPLEMENTATIONS = YES;
				CLANG_WARN_DIRECT_OBJC_ISA_USAGE = YES_ERROR;
				CLANG_WARN_DOCUMENTATION_COMMENTS = YES;
				CLANG_WARN_EMPTY_BODY = YES;
				CLANG_WARN_ENUM_CONVERSION = YES;
				CLANG_WARN_INFINITE_RECURSION = YES;
				CLANG_WARN_INT_CONVERSION = YES;
				CLANG_WARN_NON_LITERAL_NULL_CONVERSION = YES;
				CLANG_WARN_OBJC_IMPLICIT_RETAIN_SELF = YES;
				CLANG_WARN_OBJC_LITERAL_CONVERSION = YES;
				CLANG_WARN_OBJC_ROOT_CLASS = YES_ERROR;
				CLANG_WARN_QUOTED_INCLUDE_IN_FRAMEWORK_HEADER = YES;
				CLANG_WARN_RANGE_LOOP_ANALYSIS = YES;
				CLANG_WARN_STRICT_PROTOTYPES = YES;
				CLANG_WARN_SUSPICIOUS_MOVE = YES;
				CLANG_WARN_UNGUARDED_AVAILABILITY = YES_AGGRESSIVE;
				CLANG_WARN_UNREACHABLE_CODE = YES;
				CLANG_WARN__DUPLICATE_METHOD_MATCH = YES;
				COPY_PHASE_STRIP = NO;
				DEBUG_INFORMATION_FORMAT = "dwarf-with-dsym";
				ENABLE_NS_ASSERTIONS = NO;
				ENABLE_STRICT_OBJC_MSGSEND = YES;
				ENABLE_USER_SCRIPT_SANDBOXING = YES;
				GCC_C_LANGUAGE_STANDARD = gnu17;
				GCC_NO_COMMON_BLOCKS = YES;
				GCC_WARN_64_TO_32_BIT_CONVERSION = YES;
				GCC_WARN_ABOUT_RETURN_TYPE = YES_ERROR;
				GCC_WARN_UNDECLARED_SELECTOR = YES;
				GCC_WARN_UNINITIALIZED_AUTOS = YES_AGGRESSIVE;
				GCC_WARN_UNUSED_FUNCTION = YES;
				GCC_WARN_UNUSED_VARIABLE = YES;
				IPHONEOS_DEPLOYMENT_TARGET = 15.6;
				LOCALIZATION_PREFERS_STRING_CATALOGS = YES;
				MTL_ENABLE_DEBUG_INFO = NO;
				MTL_FAST_MATH = YES;
				SWIFT_COMPILATION_MODE = wholemodule;
			};
			name = Release;
		};
		0CE5796F2BF6F997006F1498 /* Debug */ = {
			isa = XCBuildConfiguration;
			buildSettings = {
				ASSETCATALOG_COMPILER_APPICON_NAME = AppIcon;
				ASSETCATALOG_COMPILER_GLOBAL_ACCENT_COLOR_NAME = AccentColor;
				CODE_SIGN_ENTITLEMENTS = MusicTribes/MusicTribes.entitlements;
				CODE_SIGN_STYLE = Automatic;
				CURRENT_PROJECT_VERSION = 1;
				DEVELOPMENT_ASSET_PATHS = "\"MusicTribes/Preview Content\"";
				DEVELOPMENT_TEAM = FL79WTB4NH;
				ENABLE_HARDENED_RUNTIME = YES;
				ENABLE_PREVIEWS = YES;
				GENERATE_INFOPLIST_FILE = YES;
				INFOPLIST_KEY_CFBundleDisplayName = MusicTribes;
				INFOPLIST_KEY_LSApplicationCategoryType = "public.app-category.entertainment";
				"INFOPLIST_KEY_UIApplicationSceneManifest_Generation[sdk=iphoneos*]" = YES;
				"INFOPLIST_KEY_UIApplicationSceneManifest_Generation[sdk=iphonesimulator*]" = YES;
				"INFOPLIST_KEY_UIApplicationSupportsIndirectInputEvents[sdk=iphoneos*]" = YES;
				"INFOPLIST_KEY_UIApplicationSupportsIndirectInputEvents[sdk=iphonesimulator*]" = YES;
				"INFOPLIST_KEY_UILaunchScreen_Generation[sdk=iphoneos*]" = YES;
				"INFOPLIST_KEY_UILaunchScreen_Generation[sdk=iphonesimulator*]" = YES;
				"INFOPLIST_KEY_UIStatusBarStyle[sdk=iphoneos*]" = UIStatusBarStyleDefault;
				"INFOPLIST_KEY_UIStatusBarStyle[sdk=iphonesimulator*]" = UIStatusBarStyleDefault;
				INFOPLIST_KEY_UISupportedInterfaceOrientations = UIInterfaceOrientationPortrait;
				INFOPLIST_KEY_UISupportedInterfaceOrientations_iPad = "UIInterfaceOrientationLandscapeLeft UIInterfaceOrientationLandscapeRight UIInterfaceOrientationPortrait UIInterfaceOrientationPortraitUpsideDown";
				IPHONEOS_DEPLOYMENT_TARGET = 15.6;
				LD_RUNPATH_SEARCH_PATHS = "@executable_path/Frameworks";
				"LD_RUNPATH_SEARCH_PATHS[sdk=macosx*]" = "@executable_path/../Frameworks";
				MACOSX_DEPLOYMENT_TARGET = 14.0;
				MARKETING_VERSION = 1.0;
				PRODUCT_BUNDLE_IDENTIFIER = com.musictribes.main;
				PRODUCT_NAME = "$(TARGET_NAME)";
				SDKROOT = auto;
				SUPPORTED_PLATFORMS = "iphoneos iphonesimulator";
				SUPPORTS_MACCATALYST = NO;
				SWIFT_EMIT_LOC_STRINGS = YES;
				SWIFT_VERSION = 5.0;
				TARGETED_DEVICE_FAMILY = "1,2";
			};
			name = Debug;
		};
		0CE579702BF6F997006F1498 /* Release */ = {
			isa = XCBuildConfiguration;
			buildSettings = {
				ASSETCATALOG_COMPILER_APPICON_NAME = AppIcon;
				ASSETCATALOG_COMPILER_GLOBAL_ACCENT_COLOR_NAME = AccentColor;
				CODE_SIGN_ENTITLEMENTS = MusicTribes/MusicTribes.entitlements;
				CODE_SIGN_STYLE = Automatic;
				CURRENT_PROJECT_VERSION = 1;
				DEVELOPMENT_ASSET_PATHS = "\"MusicTribes/Preview Content\"";
				DEVELOPMENT_TEAM = FL79WTB4NH;
				ENABLE_HARDENED_RUNTIME = YES;
				ENABLE_PREVIEWS = YES;
				GENERATE_INFOPLIST_FILE = YES;
				INFOPLIST_KEY_CFBundleDisplayName = MusicTribes;
				INFOPLIST_KEY_LSApplicationCategoryType = "public.app-category.entertainment";
				"INFOPLIST_KEY_UIApplicationSceneManifest_Generation[sdk=iphoneos*]" = YES;
				"INFOPLIST_KEY_UIApplicationSceneManifest_Generation[sdk=iphonesimulator*]" = YES;
				"INFOPLIST_KEY_UIApplicationSupportsIndirectInputEvents[sdk=iphoneos*]" = YES;
				"INFOPLIST_KEY_UIApplicationSupportsIndirectInputEvents[sdk=iphonesimulator*]" = YES;
				"INFOPLIST_KEY_UILaunchScreen_Generation[sdk=iphoneos*]" = YES;
				"INFOPLIST_KEY_UILaunchScreen_Generation[sdk=iphonesimulator*]" = YES;
				"INFOPLIST_KEY_UIStatusBarStyle[sdk=iphoneos*]" = UIStatusBarStyleDefault;
				"INFOPLIST_KEY_UIStatusBarStyle[sdk=iphonesimulator*]" = UIStatusBarStyleDefault;
				INFOPLIST_KEY_UISupportedInterfaceOrientations = UIInterfaceOrientationPortrait;
				INFOPLIST_KEY_UISupportedInterfaceOrientations_iPad = "UIInterfaceOrientationLandscapeLeft UIInterfaceOrientationLandscapeRight UIInterfaceOrientationPortrait UIInterfaceOrientationPortraitUpsideDown";
				IPHONEOS_DEPLOYMENT_TARGET = 15.6;
				LD_RUNPATH_SEARCH_PATHS = "@executable_path/Frameworks";
				"LD_RUNPATH_SEARCH_PATHS[sdk=macosx*]" = "@executable_path/../Frameworks";
				MACOSX_DEPLOYMENT_TARGET = 14.0;
				MARKETING_VERSION = 1.0;
				PRODUCT_BUNDLE_IDENTIFIER = com.musictribes.main;
				PRODUCT_NAME = "$(TARGET_NAME)";
				SDKROOT = auto;
				SUPPORTED_PLATFORMS = "iphoneos iphonesimulator";
				SUPPORTS_MACCATALYST = NO;
				SWIFT_EMIT_LOC_STRINGS = YES;
				SWIFT_VERSION = 5.0;
				TARGETED_DEVICE_FAMILY = "1,2";
			};
			name = Release;
		};
		0CFE39282C1FC30F002A0BD5 /* Debug */ = {
			isa = XCBuildConfiguration;
			buildSettings = {
				ASSETCATALOG_COMPILER_APPICON_NAME = AppIcon;
				ASSETCATALOG_COMPILER_GLOBAL_ACCENT_COLOR_NAME = AccentColor;
				CODE_SIGN_STYLE = Automatic;
				CURRENT_PROJECT_VERSION = 1;
				DEVELOPMENT_ASSET_PATHS = "\"MusicTribesS/Preview Content\"";
				DEVELOPMENT_TEAM = 3QYW937A2Z;
				ENABLE_PREVIEWS = YES;
				GENERATE_INFOPLIST_FILE = YES;
				INFOPLIST_FILE = MusicTribesS/Info.plist;
				INFOPLIST_KEY_CFBundleDisplayName = "MusicTribes+";
				INFOPLIST_KEY_UIApplicationSceneManifest_Generation = YES;
				INFOPLIST_KEY_UIApplicationSupportsIndirectInputEvents = YES;
				INFOPLIST_KEY_UILaunchScreen_Generation = YES;
				INFOPLIST_KEY_UISupportedInterfaceOrientations_iPad = "UIInterfaceOrientationPortrait UIInterfaceOrientationPortraitUpsideDown UIInterfaceOrientationLandscapeLeft UIInterfaceOrientationLandscapeRight";
				INFOPLIST_KEY_UISupportedInterfaceOrientations_iPhone = "UIInterfaceOrientationPortrait UIInterfaceOrientationLandscapeLeft UIInterfaceOrientationLandscapeRight";
				IPHONEOS_DEPLOYMENT_TARGET = 18.0;
				LD_RUNPATH_SEARCH_PATHS = (
					"$(inherited)",
					"@executable_path/Frameworks",
				);
				MARKETING_VERSION = 1.0;
				PRODUCT_BUNDLE_IDENTIFIER = com.flagarmilla.MusicTribesS;
				PRODUCT_NAME = "$(TARGET_NAME)";
				SDKROOT = iphoneos;
				SWIFT_EMIT_LOC_STRINGS = YES;
				SWIFT_VERSION = 5.0;
				TARGETED_DEVICE_FAMILY = "1,2";
			};
			name = Debug;
		};
		0CFE39292C1FC30F002A0BD5 /* Release */ = {
			isa = XCBuildConfiguration;
			buildSettings = {
				ASSETCATALOG_COMPILER_APPICON_NAME = AppIcon;
				ASSETCATALOG_COMPILER_GLOBAL_ACCENT_COLOR_NAME = AccentColor;
				CODE_SIGN_STYLE = Automatic;
				CURRENT_PROJECT_VERSION = 1;
				DEVELOPMENT_ASSET_PATHS = "\"MusicTribesS/Preview Content\"";
				DEVELOPMENT_TEAM = 3QYW937A2Z;
				ENABLE_PREVIEWS = YES;
				GENERATE_INFOPLIST_FILE = YES;
				INFOPLIST_FILE = MusicTribesS/Info.plist;
				INFOPLIST_KEY_CFBundleDisplayName = "MusicTribes+";
				INFOPLIST_KEY_UIApplicationSceneManifest_Generation = YES;
				INFOPLIST_KEY_UIApplicationSupportsIndirectInputEvents = YES;
				INFOPLIST_KEY_UILaunchScreen_Generation = YES;
				INFOPLIST_KEY_UISupportedInterfaceOrientations_iPad = "UIInterfaceOrientationPortrait UIInterfaceOrientationPortraitUpsideDown UIInterfaceOrientationLandscapeLeft UIInterfaceOrientationLandscapeRight";
				INFOPLIST_KEY_UISupportedInterfaceOrientations_iPhone = "UIInterfaceOrientationPortrait UIInterfaceOrientationLandscapeLeft UIInterfaceOrientationLandscapeRight";
				IPHONEOS_DEPLOYMENT_TARGET = 18.0;
				LD_RUNPATH_SEARCH_PATHS = (
					"$(inherited)",
					"@executable_path/Frameworks",
				);
				MARKETING_VERSION = 1.0;
				PRODUCT_BUNDLE_IDENTIFIER = com.flagarmilla.MusicTribesS;
				PRODUCT_NAME = "$(TARGET_NAME)";
				SDKROOT = iphoneos;
				SWIFT_EMIT_LOC_STRINGS = YES;
				SWIFT_VERSION = 5.0;
				TARGETED_DEVICE_FAMILY = "1,2";
				VALIDATE_PRODUCT = YES;
			};
			name = Release;
		};
		0CFE392A2C1FC30F002A0BD5 /* Debug */ = {
			isa = XCBuildConfiguration;
			buildSettings = {
				BUNDLE_LOADER = "$(TEST_HOST)";
				CODE_SIGN_STYLE = Automatic;
				CURRENT_PROJECT_VERSION = 1;
				DEVELOPMENT_TEAM = 3QYW937A2Z;
				GENERATE_INFOPLIST_FILE = YES;
				IPHONEOS_DEPLOYMENT_TARGET = 18.0;
				MARKETING_VERSION = 1.0;
				PRODUCT_BUNDLE_IDENTIFIER = com.flagarmilla.MusicTribesSTests;
				PRODUCT_NAME = "$(TARGET_NAME)";
				SDKROOT = iphoneos;
				SWIFT_EMIT_LOC_STRINGS = NO;
				SWIFT_VERSION = 5.0;
				TARGETED_DEVICE_FAMILY = "1,2";
				TEST_HOST = "$(BUILT_PRODUCTS_DIR)/MusicTribesS.app/$(BUNDLE_EXECUTABLE_FOLDER_PATH)/MusicTribesS";
			};
			name = Debug;
		};
		0CFE392B2C1FC30F002A0BD5 /* Release */ = {
			isa = XCBuildConfiguration;
			buildSettings = {
				BUNDLE_LOADER = "$(TEST_HOST)";
				CODE_SIGN_STYLE = Automatic;
				CURRENT_PROJECT_VERSION = 1;
				DEVELOPMENT_TEAM = 3QYW937A2Z;
				GENERATE_INFOPLIST_FILE = YES;
				IPHONEOS_DEPLOYMENT_TARGET = 18.0;
				MARKETING_VERSION = 1.0;
				PRODUCT_BUNDLE_IDENTIFIER = com.flagarmilla.MusicTribesSTests;
				PRODUCT_NAME = "$(TARGET_NAME)";
				SDKROOT = iphoneos;
				SWIFT_EMIT_LOC_STRINGS = NO;
				SWIFT_VERSION = 5.0;
				TARGETED_DEVICE_FAMILY = "1,2";
				TEST_HOST = "$(BUILT_PRODUCTS_DIR)/MusicTribesS.app/$(BUNDLE_EXECUTABLE_FOLDER_PATH)/MusicTribesS";
				VALIDATE_PRODUCT = YES;
			};
			name = Release;
		};
		0CFE392C2C1FC30F002A0BD5 /* Debug */ = {
			isa = XCBuildConfiguration;
			buildSettings = {
				CODE_SIGN_STYLE = Automatic;
				CURRENT_PROJECT_VERSION = 1;
				DEVELOPMENT_TEAM = 3QYW937A2Z;
				GENERATE_INFOPLIST_FILE = YES;
				IPHONEOS_DEPLOYMENT_TARGET = 18.0;
				MARKETING_VERSION = 1.0;
				PRODUCT_BUNDLE_IDENTIFIER = com.flagarmilla.MusicTribesSUITests;
				PRODUCT_NAME = "$(TARGET_NAME)";
				SDKROOT = iphoneos;
				SWIFT_EMIT_LOC_STRINGS = NO;
				SWIFT_VERSION = 5.0;
				TARGETED_DEVICE_FAMILY = "1,2";
				TEST_TARGET_NAME = MusicTribesS;
			};
			name = Debug;
		};
		0CFE392D2C1FC30F002A0BD5 /* Release */ = {
			isa = XCBuildConfiguration;
			buildSettings = {
				CODE_SIGN_STYLE = Automatic;
				CURRENT_PROJECT_VERSION = 1;
				DEVELOPMENT_TEAM = 3QYW937A2Z;
				GENERATE_INFOPLIST_FILE = YES;
				IPHONEOS_DEPLOYMENT_TARGET = 18.0;
				MARKETING_VERSION = 1.0;
				PRODUCT_BUNDLE_IDENTIFIER = com.flagarmilla.MusicTribesSUITests;
				PRODUCT_NAME = "$(TARGET_NAME)";
				SDKROOT = iphoneos;
				SWIFT_EMIT_LOC_STRINGS = NO;
				SWIFT_VERSION = 5.0;
				TARGETED_DEVICE_FAMILY = "1,2";
				TEST_TARGET_NAME = MusicTribesS;
				VALIDATE_PRODUCT = YES;
			};
			name = Release;
		};
/* End XCBuildConfiguration section */

/* Begin XCConfigurationList section */
		0CE5795A2BF6F995006F1498 /* Build configuration list for PBXProject "MusicTribes" */ = {
			isa = XCConfigurationList;
			buildConfigurations = (
				0CE5796C2BF6F997006F1498 /* Debug */,
				0CE5796D2BF6F997006F1498 /* Release */,
			);
			defaultConfigurationIsVisible = 0;
			defaultConfigurationName = Release;
		};
		0CE5796E2BF6F997006F1498 /* Build configuration list for PBXNativeTarget "MusicTribes" */ = {
			isa = XCConfigurationList;
			buildConfigurations = (
				0CE5796F2BF6F997006F1498 /* Debug */,
				0CE579702BF6F997006F1498 /* Release */,
			);
			defaultConfigurationIsVisible = 0;
			defaultConfigurationName = Release;
		};
		0CFE392E2C1FC30F002A0BD5 /* Build configuration list for PBXNativeTarget "MusicTribesS" */ = {
			isa = XCConfigurationList;
			buildConfigurations = (
				0CFE39282C1FC30F002A0BD5 /* Debug */,
				0CFE39292C1FC30F002A0BD5 /* Release */,
			);
			defaultConfigurationIsVisible = 0;
			defaultConfigurationName = Release;
		};
		0CFE392F2C1FC30F002A0BD5 /* Build configuration list for PBXNativeTarget "MusicTribesSTests" */ = {
			isa = XCConfigurationList;
			buildConfigurations = (
				0CFE392A2C1FC30F002A0BD5 /* Debug */,
				0CFE392B2C1FC30F002A0BD5 /* Release */,
			);
			defaultConfigurationIsVisible = 0;
			defaultConfigurationName = Release;
		};
		0CFE39302C1FC30F002A0BD5 /* Build configuration list for PBXNativeTarget "MusicTribesSUITests" */ = {
			isa = XCConfigurationList;
			buildConfigurations = (
				0CFE392C2C1FC30F002A0BD5 /* Debug */,
				0CFE392D2C1FC30F002A0BD5 /* Release */,
			);
			defaultConfigurationIsVisible = 0;
			defaultConfigurationName = Release;
		};
/* End XCConfigurationList section */

/* Begin XCRemoteSwiftPackageReference section */
		0C684BA32C12C139000E1BF7 /* XCRemoteSwiftPackageReference "SDWebImage" */ = {
			isa = XCRemoteSwiftPackageReference;
			repositoryURL = "https://github.com/SDWebImage/SDWebImage.git";
			requirement = {
				kind = upToNextMajorVersion;
				minimumVersion = 5.19.3;
			};
		};
		0C684BA82C12C1F3000E1BF7 /* XCRemoteSwiftPackageReference "SDWebImageSwiftUI" */ = {
			isa = XCRemoteSwiftPackageReference;
			repositoryURL = "https://github.com/SDWebImage/SDWebImageSwiftUI.git";
			requirement = {
				kind = upToNextMajorVersion;
				minimumVersion = 3.0.4;
			};
		};
/* End XCRemoteSwiftPackageReference section */

/* Begin XCSwiftPackageProductDependency section */
		0C684BA42C12C139000E1BF7 /* SDWebImage */ = {
			isa = XCSwiftPackageProductDependency;
			package = 0C684BA32C12C139000E1BF7 /* XCRemoteSwiftPackageReference "SDWebImage" */;
			productName = SDWebImage;
		};
		0C684BA62C12C139000E1BF7 /* SDWebImageMapKit */ = {
			isa = XCSwiftPackageProductDependency;
			package = 0C684BA32C12C139000E1BF7 /* XCRemoteSwiftPackageReference "SDWebImage" */;
			productName = SDWebImageMapKit;
		};
		0C684BA92C12C1F3000E1BF7 /* SDWebImageSwiftUI */ = {
			isa = XCSwiftPackageProductDependency;
			package = 0C684BA82C12C1F3000E1BF7 /* XCRemoteSwiftPackageReference "SDWebImageSwiftUI" */;
			productName = SDWebImageSwiftUI;
		};
		0CFE393A2C1FDB92002A0BD5 /* SDWebImage */ = {
			isa = XCSwiftPackageProductDependency;
			package = 0C684BA32C12C139000E1BF7 /* XCRemoteSwiftPackageReference "SDWebImage" */;
			productName = SDWebImage;
		};
		0CFE393C2C1FDB92002A0BD5 /* SDWebImageSwiftUI */ = {
			isa = XCSwiftPackageProductDependency;
			package = 0C684BA82C12C1F3000E1BF7 /* XCRemoteSwiftPackageReference "SDWebImageSwiftUI" */;
			productName = SDWebImageSwiftUI;
		};
/* End XCSwiftPackageProductDependency section */
	};
	rootObject = 0CE579572BF6F995006F1498 /* Project object */;
}
